<?xml version="1.0" encoding="utf-8"?>
<Project ToolsVersion="4.0" xmlns="http://schemas.microsoft.com/developer/msbuild/2003">
  <ItemGroup>
    <Filter Include="Source Files">
      <UniqueIdentifier>{4FC737F1-C7A5-4376-A066-2A32D752A2FF}</UniqueIdentifier>
      <Extensions>cpp;c;cc;cxx;c++;cppm;ixx;def;odl;idl;hpj;bat;asm;asmx</Extensions>
    </Filter>
    <Filter Include="Header Files">
      <UniqueIdentifier>{93995380-89BD-4b04-88EB-625FBE52EBFB}</UniqueIdentifier>
      <Extensions>h;hh;hpp;hxx;h++;hm;inl;inc;ipp;xsd</Extensions>
    </Filter>
    <Filter Include="Resource Files">
      <UniqueIdentifier>{67DA6AB6-F800-4c08-8B7A-83BB121AAD01}</UniqueIdentifier>
      <Extensions>rc;ico;cur;bmp;dlg;rc2;rct;bin;rgs;gif;jpg;jpeg;jpe;resx;tiff;tif;png;wav;mfcribbon-ms</Extensions>
    </Filter>
    <Filter Include="Header Files\public">
      <UniqueIdentifier>{467afb89-5bab-4b0e-8b21-031dc48142a8}</UniqueIdentifier>
    </Filter>
  </ItemGroup>
  <ItemGroup>
    <ClCompile Include="src\altivec_common.cpp">
      <Filter>Source Files</Filter>
    </ClCompile>
    <ClCompile Include="src\altivec_typeconversion.cpp">
      <Filter>Source Files</Filter>
    </ClCompile>
    <ClCompile Include="src\il_alloc.cpp">
      <Filter>Source Files</Filter>
    </ClCompile>
    <ClCompile Include="src\il_bits.cpp">
      <Filter>Source Files</Filter>
    </ClCompile>
    <ClCompile Include="src\il_blp.cpp">
      <Filter>Source Files</Filter>
    </ClCompile>
    <ClCompile Include="src\il_bmp.cpp">
      <Filter>Source Files</Filter>
    </ClCompile>
    <ClCompile Include="src\il_convbuff.cpp">
      <Filter>Source Files</Filter>
    </ClCompile>
    <ClCompile Include="src\il_convert.cpp">
      <Filter>Source Files</Filter>
    </ClCompile>
    <ClCompile Include="src\il_cut.cpp">
      <Filter>Source Files</Filter>
    </ClCompile>
    <ClCompile Include="src\il_dcx.cpp">
      <Filter>Source Files</Filter>
    </ClCompile>
    <ClCompile Include="src\il_dds.cpp">
      <Filter>Source Files</Filter>
    </ClCompile>
    <ClCompile Include="src\il_dds-save.cpp">
      <Filter>Source Files</Filter>
    </ClCompile>
    <ClCompile Include="src\il_devil.cpp">
      <Filter>Source Files</Filter>
    </ClCompile>
    <ClCompile Include="src\il_dicom.cpp">
      <Filter>Source Files</Filter>
    </ClCompile>
    <ClCompile Include="src\il_doom.cpp">
      <Filter>Source Files</Filter>
    </ClCompile>
    <ClCompile Include="src\il_dpx.cpp">
      <Filter>Source Files</Filter>
    </ClCompile>
    <ClCompile Include="src\il_endian.cpp">
      <Filter>Source Files</Filter>
    </ClCompile>
    <ClCompile Include="src\il_error.cpp">
      <Filter>Source Files</Filter>
    </ClCompile>
    <ClCompile Include="src\il_exr.cpp">
      <Filter>Source Files</Filter>
    </ClCompile>
    <ClCompile Include="src\il_fastconv.cpp">
      <Filter>Source Files</Filter>
    </ClCompile>
    <ClCompile Include="src\il_files.cpp">
      <Filter>Source Files</Filter>
    </ClCompile>
    <ClCompile Include="src\il_fits.cpp">
      <Filter>Source Files</Filter>
    </ClCompile>
    <ClCompile Include="src\il_ftx.cpp">
      <Filter>Source Files</Filter>
    </ClCompile>
    <ClCompile Include="src\il_gif.cpp">
      <Filter>Source Files</Filter>
    </ClCompile>
    <ClCompile Include="src\il_hdr.cpp">
      <Filter>Source Files</Filter>
    </ClCompile>
    <ClCompile Include="src\il_header.cpp">
      <Filter>Source Files</Filter>
    </ClCompile>
    <ClCompile Include="src\il_icns.cpp">
      <Filter>Source Files</Filter>
    </ClCompile>
    <ClCompile Include="src\il_icon.cpp">
      <Filter>Source Files</Filter>
    </ClCompile>
    <ClCompile Include="src\il_iff.cpp">
      <Filter>Source Files</Filter>
    </ClCompile>
    <ClCompile Include="src\il_ilbm.cpp">
      <Filter>Source Files</Filter>
    </ClCompile>
    <ClCompile Include="src\il_internal.cpp">
      <Filter>Source Files</Filter>
    </ClCompile>
    <ClCompile Include="src\il_io.cpp">
      <Filter>Source Files</Filter>
    </ClCompile>
    <ClCompile Include="src\il_iwi.cpp">
      <Filter>Source Files</Filter>
    </ClCompile>
    <ClCompile Include="src\il_jp2.cpp">
      <Filter>Source Files</Filter>
    </ClCompile>
    <ClCompile Include="src\il_jpeg.cpp">
      <Filter>Source Files</Filter>
    </ClCompile>
    <ClCompile Include="src\il_ktx.cpp">
      <Filter>Source Files</Filter>
    </ClCompile>
    <ClCompile Include="src\il_lif.cpp">
      <Filter>Source Files</Filter>
    </ClCompile>
    <ClCompile Include="src\il_main.cpp">
      <Filter>Source Files</Filter>
    </ClCompile>
    <ClCompile Include="src\il_manip.cpp">
      <Filter>Source Files</Filter>
    </ClCompile>
    <ClCompile Include="src\il_mdl.cpp">
      <Filter>Source Files</Filter>
    </ClCompile>
    <ClCompile Include="src\il_mng.cpp">
      <Filter>Source Files</Filter>
    </ClCompile>
    <ClCompile Include="src\il_mp3.cpp">
      <Filter>Source Files</Filter>
    </ClCompile>
    <ClCompile Include="src\il_neuquant.cpp">
      <Filter>Source Files</Filter>
    </ClCompile>
    <ClCompile Include="src\il_nvidia.cpp">
      <Filter>Source Files</Filter>
    </ClCompile>
    <ClCompile Include="src\il_pal.cpp">
      <Filter>Source Files</Filter>
    </ClCompile>
    <ClCompile Include="src\il_pcd.cpp">
      <Filter>Source Files</Filter>
    </ClCompile>
    <ClCompile Include="src\il_pcx.cpp">
      <Filter>Source Files</Filter>
    </ClCompile>
    <ClCompile Include="src\il_pic.cpp">
      <Filter>Source Files</Filter>
    </ClCompile>
    <ClCompile Include="src\il_pix.cpp">
      <Filter>Source Files</Filter>
    </ClCompile>
    <ClCompile Include="src\il_png.cpp">
      <Filter>Source Files</Filter>
    </ClCompile>
    <ClCompile Include="src\il_pnm.cpp">
      <Filter>Source Files</Filter>
    </ClCompile>
    <ClCompile Include="src\il_profiles.cpp">
      <Filter>Source Files</Filter>
    </ClCompile>
    <ClCompile Include="src\il_psd.cpp">
      <Filter>Source Files</Filter>
    </ClCompile>
    <ClCompile Include="src\il_psp.cpp">
      <Filter>Source Files</Filter>
    </ClCompile>
    <ClCompile Include="src\il_pxr.cpp">
      <Filter>Source Files</Filter>
    </ClCompile>
    <ClCompile Include="src\il_quantizer.cpp">
      <Filter>Source Files</Filter>
    </ClCompile>
    <ClCompile Include="src\il_raw.cpp">
      <Filter>Source Files</Filter>
    </ClCompile>
    <ClCompile Include="src\il_rawdata.cpp">
      <Filter>Source Files</Filter>
    </ClCompile>
    <ClCompile Include="src\il_register.cpp">
      <Filter>Source Files</Filter>
    </ClCompile>
    <ClCompile Include="src\il_rle.cpp">
      <Filter>Source Files</Filter>
    </ClCompile>
    <ClCompile Include="src\il_rot.cpp">
      <Filter>Source Files</Filter>
    </ClCompile>
    <ClCompile Include="src\il_sgi.cpp">
      <Filter>Source Files</Filter>
    </ClCompile>
    <ClCompile Include="src\il_size.cpp">
      <Filter>Source Files</Filter>
    </ClCompile>
    <ClCompile Include="src\il_squish.cpp">
      <Filter>Source Files</Filter>
    </ClCompile>
    <ClCompile Include="src\il_stack.cpp">
      <Filter>Source Files</Filter>
    </ClCompile>
    <ClCompile Include="src\il_states.cpp">
      <Filter>Source Files</Filter>
    </ClCompile>
    <ClCompile Include="src\il_sun.cpp">
      <Filter>Source Files</Filter>
    </ClCompile>
    <ClCompile Include="src\il_targa.cpp">
      <Filter>Source Files</Filter>
    </ClCompile>
    <ClCompile Include="src\il_texture.cpp">
      <Filter>Source Files</Filter>
    </ClCompile>
    <ClCompile Include="src\il_tiff.cpp">
      <Filter>Source Files</Filter>
    </ClCompile>
    <ClCompile Include="src\il_tpl.cpp">
      <Filter>Source Files</Filter>
    </ClCompile>
    <ClCompile Include="src\il_utility.cpp">
      <Filter>Source Files</Filter>
    </ClCompile>
    <ClCompile Include="src\il_utx.cpp">
      <Filter>Source Files</Filter>
    </ClCompile>
    <ClCompile Include="src\il_vtf.cpp">
      <Filter>Source Files</Filter>
    </ClCompile>
    <ClCompile Include="src\il_wal.cpp">
      <Filter>Source Files</Filter>
    </ClCompile>
    <ClCompile Include="src\il_wbmp.cpp">
      <Filter>Source Files</Filter>
    </ClCompile>
    <ClCompile Include="src\il_wdp.cpp">
      <Filter>Source Files</Filter>
    </ClCompile>
    <ClCompile Include="src\il_xpm.cpp">
      <Filter>Source Files</Filter>
    </ClCompile>
  </ItemGroup>
  <ItemGroup>
    <ClInclude Include="include\altivec_common.h">
      <Filter>Header Files</Filter>
    </ClInclude>
    <ClInclude Include="include\altivec_typeconversion.h">
      <Filter>Header Files</Filter>
    </ClInclude>
    <ClInclude Include="include\il_alloc.h">
      <Filter>Header Files</Filter>
    </ClInclude>
    <ClInclude Include="include\il_bits.h">
      <Filter>Header Files</Filter>
    </ClInclude>
    <ClInclude Include="include\il_bmp.h">
      <Filter>Header Files</Filter>
    </ClInclude>
    <ClInclude Include="include\il_dcx.h">
      <Filter>Header Files</Filter>
    </ClInclude>
    <ClInclude Include="include\il_dds.h">
      <Filter>Header Files</Filter>
    </ClInclude>
    <ClInclude Include="include\il_doompal.h">
      <Filter>Header Files</Filter>
    </ClInclude>
    <ClInclude Include="include\il_dpx.h">
      <Filter>Header Files</Filter>
    </ClInclude>
    <ClInclude Include="include\il_endian.h">
      <Filter>Header Files</Filter>
    </ClInclude>
    <ClInclude Include="include\il_exr.h">
      <Filter>Header Files</Filter>
    </ClInclude>
    <ClInclude Include="include\il_files.h">
      <Filter>Header Files</Filter>
    </ClInclude>
    <ClInclude Include="include\il_gif.h">
      <Filter>Header Files</Filter>
    </ClInclude>
    <ClInclude Include="include\il_hdr.h">
      <Filter>Header Files</Filter>
    </ClInclude>
    <ClInclude Include="include\il_icns.h">
      <Filter>Header Files</Filter>
    </ClInclude>
    <ClInclude Include="include\il_icon.h">
      <Filter>Header Files</Filter>
    </ClInclude>
    <ClInclude Include="include\il_internal.h">
      <Filter>Header Files</Filter>
    </ClInclude>
    <ClInclude Include="include\il_jp2.h">
      <Filter>Header Files</Filter>
    </ClInclude>
    <ClInclude Include="include\il_jpeg.h">
      <Filter>Header Files</Filter>
    </ClInclude>
    <ClInclude Include="include\il_lif.h">
      <Filter>Header Files</Filter>
    </ClInclude>
    <ClInclude Include="include\il_manip.h">
      <Filter>Header Files</Filter>
    </ClInclude>
    <ClInclude Include="include\il_mdl.h">
      <Filter>Header Files</Filter>
    </ClInclude>
    <ClInclude Include="include\il_pal.h">
      <Filter>Header Files</Filter>
    </ClInclude>
    <ClInclude Include="include\il_pcx.h">
      <Filter>Header Files</Filter>
    </ClInclude>
    <ClInclude Include="include\il_pic.h">
      <Filter>Header Files</Filter>
    </ClInclude>
    <ClInclude Include="include\il_pnm.h">
      <Filter>Header Files</Filter>
    </ClInclude>
    <ClInclude Include="include\il_psd.h">
      <Filter>Header Files</Filter>
    </ClInclude>
    <ClInclude Include="include\il_psp.h">
      <Filter>Header Files</Filter>
    </ClInclude>
    <ClInclude Include="include\il_q2pal.h">
      <Filter>Header Files</Filter>
    </ClInclude>
    <ClInclude Include="include\il_register.h">
      <Filter>Header Files</Filter>
    </ClInclude>
    <ClInclude Include="include\il_rle.h">
      <Filter>Header Files</Filter>
    </ClInclude>
    <ClInclude Include="include\il_sgi.h">
      <Filter>Header Files</Filter>
    </ClInclude>
    <ClInclude Include="include\il_stack.h">
      <Filter>Header Files</Filter>
    </ClInclude>
    <ClInclude Include="include\il_states.h">
      <Filter>Header Files</Filter>
    </ClInclude>
    <ClInclude Include="include\il_targa.h">
      <Filter>Header Files</Filter>
    </ClInclude>
    <ClInclude Include="include\il_utx.h">
      <Filter>Header Files</Filter>
    </ClInclude>
    <ClInclude Include="include\il_vtf.h">
      <Filter>Header Files</Filter>
    </ClInclude>
    <ClInclude Include="include\il_wdp.h">
      <Filter>Header Files</Filter>
    </ClInclude>
    <ClInclude Include="include\config.h">
      <Filter>Header Files</Filter>
    </ClInclude>
    <ClInclude Include="..\..\include\IL\devil_cpp_wrapper.hpp">
      <Filter>Header Files\public</Filter>
    </ClInclude>
    <ClInclude Include="..\..\include\IL\devil_internal_exports.h">
      <Filter>Header Files\public</Filter>
    </ClInclude>
    <ClInclude Include="..\..\include\IL\il.h">
      <Filter>Header Files\public</Filter>
    </ClInclude>
    <ClInclude Include="..\..\include\IL\il_wrap.h">
      <Filter>Header Files\public</Filter>
    </ClInclude>
    <ClInclude Include="..\..\include\IL\ilu.h">
      <Filter>Header Files\public</Filter>
    </ClInclude>
    <ClInclude Include="..\..\include\IL\ilu_region.h">
      <Filter>Header Files\public</Filter>
    </ClInclude>
    <ClInclude Include="..\..\include\IL\ilut.h">
      <Filter>Header Files\public</Filter>
    </ClInclude>
    <ClInclude Include="..\..\include\IL\ilut_config.h">
      <Filter>Header Files\public</Filter>
    </ClInclude>
  </ItemGroup>
</Project>