<?xml version="1.0" encoding="utf-8"?>
<Project ToolsVersion="4.0" xmlns="http://schemas.microsoft.com/developer/msbuild/2003">
  <ItemGroup>
    <Filter Include="Source Files">
      <UniqueIdentifier>{4FC737F1-C7A5-4376-A066-2A32D752A2FF}</UniqueIdentifier>
      <Extensions>cpp;c;cc;cxx;c++;cppm;ixx;def;odl;idl;hpj;bat;asm;asmx</Extensions>
    </Filter>
    <Filter Include="Header Files">
      <UniqueIdentifier>{93995380-89BD-4b04-88EB-625FBE52EBFB}</UniqueIdentifier>
      <Extensions>h;hh;hpp;hxx;h++;hm;inl;inc;ipp;xsd</Extensions>
    </Filter>
    <Filter Include="Resource Files">
      <UniqueIdentifier>{67DA6AB6-F800-4c08-8B7A-83BB121AAD01}</UniqueIdentifier>
      <Extensions>rc;ico;cur;bmp;dlg;rc2;rct;bin;rgs;gif;jpg;jpeg;jpe;resx;tiff;tif;png;wav;mfcribbon-ms</Extensions>
    </Filter>
    <Filter Include="Source Files\atomic">
      <UniqueIdentifier>{f9c8b099-2add-4db4-84f8-c6d5a3f16e1d}</UniqueIdentifier>
    </Filter>
    <Filter Include="Source Files\core">
      <UniqueIdentifier>{f870242a-8217-4743-8686-01320dc076e5}</UniqueIdentifier>
    </Filter>
    <Filter Include="Source Files\events">
      <UniqueIdentifier>{63ccbf47-585b-4c27-8058-c17fc966aec4}</UniqueIdentifier>
    </Filter>
    <Filter Include="Source Files\haptic">
      <UniqueIdentifier>{a7240d65-8807-48a6-844b-8e9f87651eee}</UniqueIdentifier>
    </Filter>
    <Filter Include="Source Files\haptic\windows">
      <UniqueIdentifier>{16d2b122-2794-4b9e-abfe-916e2a1139e7}</UniqueIdentifier>
    </Filter>
    <Filter Include="Source Files\joystick">
      <UniqueIdentifier>{02683ea7-7ca9-41cd-b35b-2dc500a2cc0f}</UniqueIdentifier>
    </Filter>
    <Filter Include="Source Files\joystick\windows">
      <UniqueIdentifier>{16b303b5-35f2-4d8d-95e7-5795fcf954f5}</UniqueIdentifier>
    </Filter>
    <Filter Include="Source Files\libm">
      <UniqueIdentifier>{708e2860-b0fa-4404-943e-1f0e2b131150}</UniqueIdentifier>
    </Filter>
    <Filter Include="Source Files\render">
      <UniqueIdentifier>{514adfe1-954d-490d-bef5-58dd45a27312}</UniqueIdentifier>
    </Filter>
    <Filter Include="Source Files\render\opengl">
      <UniqueIdentifier>{e1787e7e-3648-43d6-abab-bc2b0efd2ffe}</UniqueIdentifier>
    </Filter>
    <Filter Include="Source Files\stdlib">
      <UniqueIdentifier>{1f4d729a-0620-4295-9f85-888db9399d9b}</UniqueIdentifier>
    </Filter>
    <Filter Include="Source Files\thread">
      <UniqueIdentifier>{5785146f-4e25-42d9-a736-438047a1e869}</UniqueIdentifier>
    </Filter>
    <Filter Include="Source Files\thread\windows">
      <UniqueIdentifier>{c3b50dd4-7ea3-4e37-9523-5971ac2ae298}</UniqueIdentifier>
    </Filter>
    <Filter Include="Source Files\timer">
      <UniqueIdentifier>{9e4ed290-e14d-472b-9f81-ba9371b0198e}</UniqueIdentifier>
    </Filter>
    <Filter Include="Source Files\timer\windows">
      <UniqueIdentifier>{25fef6f5-4f22-4ef5-b392-515b35c59c01}</UniqueIdentifier>
    </Filter>
    <Filter Include="Source Files\video">
      <UniqueIdentifier>{014124a3-5c80-4209-a205-ee6fbaad7788}</UniqueIdentifier>
    </Filter>
    <Filter Include="Source Files\video\yuv2rgb">
      <UniqueIdentifier>{1e1a5e05-6ff0-45ac-af2a-7920e859b0c1}</UniqueIdentifier>
    </Filter>
    <Filter Include="Source Files\video\windows">
      <UniqueIdentifier>{dd00e47e-8431-46ec-94f4-29d3cfc5da2a}</UniqueIdentifier>
    </Filter>
    <Filter Include="Source Files\loadso">
      <UniqueIdentifier>{1fc4d4cd-4bc9-44ad-8079-da7a6bf12063}</UniqueIdentifier>
    </Filter>
    <Filter Include="Source Files\sensor">
      <UniqueIdentifier>{7f4960e5-12de-4f37-a3e0-3f3dba86b715}</UniqueIdentifier>
    </Filter>
    <Filter Include="Source Files\sensor\dummy">
      <UniqueIdentifier>{e809bd4b-d244-46a2-a4da-3a1fdd40f95b}</UniqueIdentifier>
    </Filter>
    <Filter Include="Source Files\thread\generic">
      <UniqueIdentifier>{815f521a-6002-4dc8-bbfb-3ac904508534}</UniqueIdentifier>
    </Filter>
    <Filter Include="Source Files\joystick\hidapi">
      <UniqueIdentifier>{01317cc5-29f6-479f-bd02-36cabb2e246d}</UniqueIdentifier>
    </Filter>
    <Filter Include="audio">
      <UniqueIdentifier>{a0926cc8-23f1-434f-9f76-fe6af28afb30}</UniqueIdentifier>
    </Filter>
    <Filter Include="audio\directsound">
      <UniqueIdentifier>{b3e9721e-e3e4-4d73-b6be-f2155f7bbe67}</UniqueIdentifier>
    </Filter>
    <Filter Include="audio\disk">
      <UniqueIdentifier>{2253fa9c-2d46-4446-a1c2-92bdae2086c7}</UniqueIdentifier>
    </Filter>
    <Filter Include="audio\dummy">
      <UniqueIdentifier>{d3e280ab-aea1-43f1-a601-ec47781ffc89}</UniqueIdentifier>
    </Filter>
    <Filter Include="audio\wasapi">
      <UniqueIdentifier>{9ad5e065-6e63-4e5d-a04e-14fe1e063452}</UniqueIdentifier>
    </Filter>
    <Filter Include="audio\winmm">
      <UniqueIdentifier>{0cabbcda-1a5a-48a3-a150-72da4368a84a}</UniqueIdentifier>
    </Filter>
    <Filter Include="Source Files\hidapi">
      <UniqueIdentifier>{bad6ef7f-568f-48d4-8a76-c69b78b9df6f}</UniqueIdentifier>
    </Filter>
    <Filter Include="Source Files\render\direct3d">
      <UniqueIdentifier>{fa9626d0-1b58-42c7-8a48-b2cd7f58d99d}</UniqueIdentifier>
    </Filter>
    <Filter Include="Source Files\render\opengles2">
      <UniqueIdentifier>{1306774f-2045-46da-aa7f-721cc539b3c7}</UniqueIdentifier>
    </Filter>
    <Filter Include="Source Files\video\dummy">
      <UniqueIdentifier>{cb17db20-8c2e-48f6-b41c-05e601e64a95}</UniqueIdentifier>
    </Filter>
  </ItemGroup>
  <ItemGroup>
    <ClInclude Include="..\..\include\SDL2\begin_code.h">
      <Filter>Header Files</Filter>
    </ClInclude>
    <ClInclude Include="..\..\include\SDL2\close_code.h">
      <Filter>Header Files</Filter>
    </ClInclude>
    <ClInclude Include="..\..\include\SDL2\SDL.h">
      <Filter>Header Files</Filter>
    </ClInclude>
    <ClInclude Include="..\..\include\SDL2\SDL_assert.h">
      <Filter>Header Files</Filter>
    </ClInclude>
    <ClInclude Include="..\..\include\SDL2\SDL_atomic.h">
      <Filter>Header Files</Filter>
    </ClInclude>
    <ClInclude Include="..\..\include\SDL2\SDL_audio.h">
      <Filter>Header Files</Filter>
    </ClInclude>
    <ClInclude Include="..\..\include\SDL2\SDL_bits.h">
      <Filter>Header Files</Filter>
    </ClInclude>
    <ClInclude Include="..\..\include\SDL2\SDL_blendmode.h">
      <Filter>Header Files</Filter>
    </ClInclude>
    <ClInclude Include="..\..\include\SDL2\SDL_clipboard.h">
      <Filter>Header Files</Filter>
    </ClInclude>
    <ClInclude Include="..\..\include\SDL2\SDL_config.h">
      <Filter>Header Files</Filter>
    </ClInclude>
    <ClInclude Include="..\..\include\SDL2\SDL_config_android.h">
      <Filter>Header Files</Filter>
    </ClInclude>
    <ClInclude Include="..\..\include\SDL2\SDL_config_iphoneos.h">
      <Filter>Header Files</Filter>
    </ClInclude>
    <ClInclude Include="..\..\include\SDL2\SDL_config_macosx.h">
      <Filter>Header Files</Filter>
    </ClInclude>
    <ClInclude Include="..\..\include\SDL2\SDL_config_minimal.h">
      <Filter>Header Files</Filter>
    </ClInclude>
    <ClInclude Include="..\..\include\SDL2\SDL_config_os2.h">
      <Filter>Header Files</Filter>
    </ClInclude>
    <ClInclude Include="..\..\include\SDL2\SDL_config_pandora.h">
      <Filter>Header Files</Filter>
    </ClInclude>
    <ClInclude Include="..\..\include\SDL2\SDL_config_psp.h">
      <Filter>Header Files</Filter>
    </ClInclude>
    <ClInclude Include="..\..\include\SDL2\SDL_config_windows.h">
      <Filter>Header Files</Filter>
    </ClInclude>
    <ClInclude Include="..\..\include\SDL2\SDL_config_winrt.h">
      <Filter>Header Files</Filter>
    </ClInclude>
    <ClInclude Include="..\..\include\SDL2\SDL_config_wiz.h">
      <Filter>Header Files</Filter>
    </ClInclude>
    <ClInclude Include="..\..\include\SDL2\SDL_copying.h">
      <Filter>Header Files</Filter>
    </ClInclude>
    <ClInclude Include="..\..\include\SDL2\SDL_cpuinfo.h">
      <Filter>Header Files</Filter>
    </ClInclude>
    <ClInclude Include="..\..\include\SDL2\SDL_egl.h">
      <Filter>Header Files</Filter>
    </ClInclude>
    <ClInclude Include="..\..\include\SDL2\SDL_endian.h">
      <Filter>Header Files</Filter>
    </ClInclude>
    <ClInclude Include="..\..\include\SDL2\SDL_error.h">
      <Filter>Header Files</Filter>
    </ClInclude>
    <ClInclude Include="..\..\include\SDL2\SDL_events.h">
      <Filter>Header Files</Filter>
    </ClInclude>
    <ClInclude Include="..\..\include\SDL2\SDL_filesystem.h">
      <Filter>Header Files</Filter>
    </ClInclude>
    <ClInclude Include="..\..\include\SDL2\SDL_gamecontroller.h">
      <Filter>Header Files</Filter>
    </ClInclude>
    <ClInclude Include="..\..\include\SDL2\SDL_gesture.h">
      <Filter>Header Files</Filter>
    </ClInclude>
    <ClInclude Include="..\..\include\SDL2\SDL_haptic.h">
      <Filter>Header Files</Filter>
    </ClInclude>
    <ClInclude Include="..\..\include\SDL2\SDL_hints.h">
      <Filter>Header Files</Filter>
    </ClInclude>
    <ClInclude Include="..\..\include\SDL2\SDL_joystick.h">
      <Filter>Header Files</Filter>
    </ClInclude>
    <ClInclude Include="..\..\include\SDL2\SDL_keyboard.h">
      <Filter>Header Files</Filter>
    </ClInclude>
    <ClInclude Include="..\..\include\SDL2\SDL_keycode.h">
      <Filter>Header Files</Filter>
    </ClInclude>
    <ClInclude Include="..\..\include\SDL2\SDL_loadso.h">
      <Filter>Header Files</Filter>
    </ClInclude>
    <ClInclude Include="..\..\include\SDL2\SDL_log.h">
      <Filter>Header Files</Filter>
    </ClInclude>
    <ClInclude Include="..\..\include\SDL2\SDL_main.h">
      <Filter>Header Files</Filter>
    </ClInclude>
    <ClInclude Include="..\..\include\SDL2\SDL_messagebox.h">
      <Filter>Header Files</Filter>
    </ClInclude>
    <ClInclude Include="..\..\include\SDL2\SDL_metal.h">
      <Filter>Header Files</Filter>
    </ClInclude>
    <ClInclude Include="..\..\include\SDL2\SDL_mouse.h">
      <Filter>Header Files</Filter>
    </ClInclude>
    <ClInclude Include="..\..\include\SDL2\SDL_mutex.h">
      <Filter>Header Files</Filter>
    </ClInclude>
    <ClInclude Include="..\..\include\SDL2\SDL_name.h">
      <Filter>Header Files</Filter>
    </ClInclude>
    <ClInclude Include="..\..\include\SDL2\SDL_opengl.h">
      <Filter>Header Files</Filter>
    </ClInclude>
    <ClInclude Include="..\..\include\SDL2\SDL_opengl_glext.h">
      <Filter>Header Files</Filter>
    </ClInclude>
    <ClInclude Include="..\..\include\SDL2\SDL_opengles.h">
      <Filter>Header Files</Filter>
    </ClInclude>
    <ClInclude Include="..\..\include\SDL2\SDL_opengles2.h">
      <Filter>Header Files</Filter>
    </ClInclude>
    <ClInclude Include="..\..\include\SDL2\SDL_opengles2_gl2.h">
      <Filter>Header Files</Filter>
    </ClInclude>
    <ClInclude Include="..\..\include\SDL2\SDL_opengles2_gl2ext.h">
      <Filter>Header Files</Filter>
    </ClInclude>
    <ClInclude Include="..\..\include\SDL2\SDL_opengles2_gl2platform.h">
      <Filter>Header Files</Filter>
    </ClInclude>
    <ClInclude Include="..\..\include\SDL2\SDL_opengles2_khrplatform.h">
      <Filter>Header Files</Filter>
    </ClInclude>
    <ClInclude Include="..\..\include\SDL2\SDL_pixels.h">
      <Filter>Header Files</Filter>
    </ClInclude>
    <ClInclude Include="..\..\include\SDL2\SDL_platform.h">
      <Filter>Header Files</Filter>
    </ClInclude>
    <ClInclude Include="..\..\include\SDL2\SDL_power.h">
      <Filter>Header Files</Filter>
    </ClInclude>
    <ClInclude Include="..\..\include\SDL2\SDL_quit.h">
      <Filter>Header Files</Filter>
    </ClInclude>
    <ClInclude Include="..\..\include\SDL2\SDL_rect.h">
      <Filter>Header Files</Filter>
    </ClInclude>
    <ClInclude Include="..\..\include\SDL2\SDL_render.h">
      <Filter>Header Files</Filter>
    </ClInclude>
    <ClInclude Include="..\..\include\SDL2\SDL_revision.h">
      <Filter>Header Files</Filter>
    </ClInclude>
    <ClInclude Include="..\..\include\SDL2\SDL_rwops.h">
      <Filter>Header Files</Filter>
    </ClInclude>
    <ClInclude Include="..\..\include\SDL2\SDL_scancode.h">
      <Filter>Header Files</Filter>
    </ClInclude>
    <ClInclude Include="..\..\include\SDL2\SDL_sensor.h">
      <Filter>Header Files</Filter>
    </ClInclude>
    <ClInclude Include="..\..\include\SDL2\SDL_shape.h">
      <Filter>Header Files</Filter>
    </ClInclude>
    <ClInclude Include="..\..\include\SDL2\SDL_stdinc.h">
      <Filter>Header Files</Filter>
    </ClInclude>
    <ClInclude Include="..\..\include\SDL2\SDL_surface.h">
      <Filter>Header Files</Filter>
    </ClInclude>
    <ClInclude Include="..\..\include\SDL2\SDL_system.h">
      <Filter>Header Files</Filter>
    </ClInclude>
    <ClInclude Include="..\..\include\SDL2\SDL_syswm.h">
      <Filter>Header Files</Filter>
    </ClInclude>
    <ClInclude Include="..\..\include\SDL2\SDL_thread.h">
      <Filter>Header Files</Filter>
    </ClInclude>
    <ClInclude Include="..\..\include\SDL2\SDL_timer.h">
      <Filter>Header Files</Filter>
    </ClInclude>
    <ClInclude Include="..\..\include\SDL2\SDL_touch.h">
      <Filter>Header Files</Filter>
    </ClInclude>
    <ClInclude Include="..\..\include\SDL2\SDL_types.h">
      <Filter>Header Files</Filter>
    </ClInclude>
    <ClInclude Include="..\..\include\SDL2\SDL_version.h">
      <Filter>Header Files</Filter>
    </ClInclude>
    <ClInclude Include="..\..\include\SDL2\SDL_video.h">
      <Filter>Header Files</Filter>
    </ClInclude>
    <ClInclude Include="..\..\include\SDL2\SDL_vulkan.h">
      <Filter>Header Files</Filter>
    </ClInclude>
    <ClInclude Include="SDL_assert_c.h">
      <Filter>Source Files</Filter>
    </ClInclude>
    <ClInclude Include="SDL_dataqueue.h">
      <Filter>Source Files</Filter>
    </ClInclude>
    <ClInclude Include="SDL_error_c.h">
      <Filter>Source Files</Filter>
    </ClInclude>
    <ClInclude Include="SDL_hints_c.h">
      <Filter>Source Files</Filter>
    </ClInclude>
    <ClInclude Include="SDL_internal.h">
      <Filter>Source Files</Filter>
    </ClInclude>
    <ClInclude Include="core\windows\SDL_directx.h">
      <Filter>Source Files\core</Filter>
    </ClInclude>
    <ClInclude Include="core\windows\SDL_windows.h">
      <Filter>Source Files\core</Filter>
    </ClInclude>
    <ClInclude Include="core\windows\SDL_xinput.h">
      <Filter>Source Files\core</Filter>
    </ClInclude>
    <ClInclude Include="events\blank_cursor.h">
      <Filter>Source Files\events</Filter>
    </ClInclude>
    <ClInclude Include="events\default_cursor.h">
      <Filter>Source Files\events</Filter>
    </ClInclude>
    <ClInclude Include="events\scancodes_darwin.h">
      <Filter>Source Files\events</Filter>
    </ClInclude>
    <ClInclude Include="events\scancodes_linux.h">
      <Filter>Source Files\events</Filter>
    </ClInclude>
    <ClInclude Include="events\scancodes_windows.h">
      <Filter>Source Files\events</Filter>
    </ClInclude>
    <ClInclude Include="events\scancodes_xfree86.h">
      <Filter>Source Files\events</Filter>
    </ClInclude>
    <ClInclude Include="events\SDL_clipboardevents_c.h">
      <Filter>Source Files\events</Filter>
    </ClInclude>
    <ClInclude Include="events\SDL_displayevents_c.h">
      <Filter>Source Files\events</Filter>
    </ClInclude>
    <ClInclude Include="events\SDL_dropevents_c.h">
      <Filter>Source Files\events</Filter>
    </ClInclude>
    <ClInclude Include="events\SDL_events_c.h">
      <Filter>Source Files\events</Filter>
    </ClInclude>
    <ClInclude Include="events\SDL_gesture_c.h">
      <Filter>Source Files\events</Filter>
    </ClInclude>
    <ClInclude Include="events\SDL_keyboard_c.h">
      <Filter>Source Files\events</Filter>
    </ClInclude>
    <ClInclude Include="events\SDL_mouse_c.h">
      <Filter>Source Files\events</Filter>
    </ClInclude>
    <ClInclude Include="events\SDL_sysevents.h">
      <Filter>Source Files\events</Filter>
    </ClInclude>
    <ClInclude Include="events\SDL_touch_c.h">
      <Filter>Source Files\events</Filter>
    </ClInclude>
    <ClInclude Include="events\SDL_windowevents_c.h">
      <Filter>Source Files\events</Filter>
    </ClInclude>
    <ClInclude Include="haptic\SDL_haptic_c.h">
      <Filter>Source Files\haptic</Filter>
    </ClInclude>
    <ClInclude Include="haptic\SDL_syshaptic.h">
      <Filter>Source Files\haptic</Filter>
    </ClInclude>
    <ClInclude Include="haptic\windows\SDL_dinputhaptic_c.h">
      <Filter>Source Files\haptic\windows</Filter>
    </ClInclude>
    <ClInclude Include="haptic\windows\SDL_windowshaptic_c.h">
      <Filter>Source Files\haptic\windows</Filter>
    </ClInclude>
    <ClInclude Include="haptic\windows\SDL_xinputhaptic_c.h">
      <Filter>Source Files\haptic\windows</Filter>
    </ClInclude>
    <ClInclude Include="joystick\controller_type.h">
      <Filter>Source Files\joystick</Filter>
    </ClInclude>
    <ClInclude Include="joystick\SDL_gamecontrollerdb.h">
      <Filter>Source Files\joystick</Filter>
    </ClInclude>
    <ClInclude Include="joystick\SDL_joystick_c.h">
      <Filter>Source Files\joystick</Filter>
    </ClInclude>
    <ClInclude Include="joystick\SDL_sysjoystick.h">
      <Filter>Source Files\joystick</Filter>
    </ClInclude>
    <ClInclude Include="joystick\usb_ids.h">
      <Filter>Source Files\joystick</Filter>
    </ClInclude>
    <ClInclude Include="joystick\windows\SDL_dinputjoystick_c.h">
      <Filter>Source Files\joystick\windows</Filter>
    </ClInclude>
    <ClInclude Include="joystick\windows\SDL_windowsjoystick_c.h">
      <Filter>Source Files\joystick\windows</Filter>
    </ClInclude>
    <ClInclude Include="joystick\windows\SDL_xinputjoystick_c.h">
      <Filter>Source Files\joystick\windows</Filter>
    </ClInclude>
    <ClInclude Include="libm\math_libm.h">
      <Filter>Source Files\libm</Filter>
    </ClInclude>
    <ClInclude Include="libm\math_private.h">
      <Filter>Source Files\libm</Filter>
    </ClInclude>
    <ClInclude Include="render\SDL_d3dmath.h">
      <Filter>Source Files\render</Filter>
    </ClInclude>
    <ClInclude Include="render\SDL_sysrender.h">
      <Filter>Source Files\render</Filter>
    </ClInclude>
    <ClInclude Include="render\SDL_yuv_sw_c.h">
      <Filter>Source Files\render</Filter>
    </ClInclude>
    <ClInclude Include="render\opengl\SDL_glfuncs.h">
      <Filter>Source Files\render\opengl</Filter>
    </ClInclude>
    <ClInclude Include="render\opengl\SDL_shaders_gl.h">
      <Filter>Source Files\render\opengl</Filter>
    </ClInclude>
    <ClInclude Include="thread\SDL_systhread.h">
      <Filter>Source Files\thread</Filter>
    </ClInclude>
    <ClInclude Include="thread\SDL_thread_c.h">
      <Filter>Source Files\thread</Filter>
    </ClInclude>
    <ClInclude Include="thread\windows\SDL_systhread_c.h">
      <Filter>Source Files\thread\windows</Filter>
    </ClInclude>
    <ClInclude Include="timer\SDL_timer_c.h">
      <Filter>Source Files\timer</Filter>
    </ClInclude>
    <ClInclude Include="video\SDL_blit.h">
      <Filter>Source Files\video</Filter>
    </ClInclude>
    <ClInclude Include="video\SDL_blit_auto.h">
      <Filter>Source Files\video</Filter>
    </ClInclude>
    <ClInclude Include="video\SDL_blit_copy.h">
      <Filter>Source Files\video</Filter>
    </ClInclude>
    <ClInclude Include="video\SDL_blit_slow.h">
      <Filter>Source Files\video</Filter>
    </ClInclude>
    <ClInclude Include="video\SDL_egl_c.h">
      <Filter>Source Files\video</Filter>
    </ClInclude>
    <ClInclude Include="video\SDL_pixels_c.h">
      <Filter>Source Files\video</Filter>
    </ClInclude>
    <ClInclude Include="video\SDL_rect_c.h">
      <Filter>Source Files\video</Filter>
    </ClInclude>
    <ClInclude Include="video\SDL_RLEaccel_c.h">
      <Filter>Source Files\video</Filter>
    </ClInclude>
    <ClInclude Include="video\SDL_shape_internals.h">
      <Filter>Source Files\video</Filter>
    </ClInclude>
    <ClInclude Include="video\SDL_sysvideo.h">
      <Filter>Source Files\video</Filter>
    </ClInclude>
    <ClInclude Include="video\SDL_vulkan_internal.h">
      <Filter>Source Files\video</Filter>
    </ClInclude>
    <ClInclude Include="video\SDL_yuv_c.h">
      <Filter>Source Files\video</Filter>
    </ClInclude>
    <ClInclude Include="video\yuv2rgb\yuv_rgb.h">
      <Filter>Source Files\video\yuv2rgb</Filter>
    </ClInclude>
    <ClInclude Include="video\yuv2rgb\yuv_rgb_sse_func.h">
      <Filter>Source Files\video\yuv2rgb</Filter>
    </ClInclude>
    <ClInclude Include="video\yuv2rgb\yuv_rgb_std_func.h">
      <Filter>Source Files\video\yuv2rgb</Filter>
    </ClInclude>
    <ClInclude Include="video\windows\SDL_msctf.h">
      <Filter>Source Files\video\windows</Filter>
    </ClInclude>
    <ClInclude Include="video\windows\SDL_vkeys.h">
      <Filter>Source Files\video\windows</Filter>
    </ClInclude>
    <ClInclude Include="video\windows\SDL_windowsclipboard.h">
      <Filter>Source Files\video\windows</Filter>
    </ClInclude>
    <ClInclude Include="video\windows\SDL_windowsevents.h">
      <Filter>Source Files\video\windows</Filter>
    </ClInclude>
    <ClInclude Include="video\windows\SDL_windowsframebuffer.h">
      <Filter>Source Files\video\windows</Filter>
    </ClInclude>
    <ClInclude Include="video\windows\SDL_windowskeyboard.h">
      <Filter>Source Files\video\windows</Filter>
    </ClInclude>
    <ClInclude Include="video\windows\SDL_windowsmessagebox.h">
      <Filter>Source Files\video\windows</Filter>
    </ClInclude>
    <ClInclude Include="video\windows\SDL_windowsmodes.h">
      <Filter>Source Files\video\windows</Filter>
    </ClInclude>
    <ClInclude Include="video\windows\SDL_windowsmouse.h">
      <Filter>Source Files\video\windows</Filter>
    </ClInclude>
    <ClInclude Include="video\windows\SDL_windowsopengl.h">
      <Filter>Source Files\video\windows</Filter>
    </ClInclude>
    <ClInclude Include="video\windows\SDL_windowsopengles.h">
      <Filter>Source Files\video\windows</Filter>
    </ClInclude>
    <ClInclude Include="video\windows\SDL_windowsshape.h">
      <Filter>Source Files\video\windows</Filter>
    </ClInclude>
    <ClInclude Include="video\windows\SDL_windowstaskdialog.h">
      <Filter>Source Files\video\windows</Filter>
    </ClInclude>
    <ClInclude Include="video\windows\SDL_windowsvideo.h">
      <Filter>Source Files\video\windows</Filter>
    </ClInclude>
    <ClInclude Include="video\windows\SDL_windowsvulkan.h">
      <Filter>Source Files\video\windows</Filter>
    </ClInclude>
    <ClInclude Include="video\windows\SDL_windowswindow.h">
      <Filter>Source Files\video\windows</Filter>
    </ClInclude>
    <ClInclude Include="video\windows\wmmsg.h">
      <Filter>Source Files\video\windows</Filter>
    </ClInclude>
    <ClInclude Include="sensor\SDL_sensor_c.h">
      <Filter>Source Files\sensor</Filter>
    </ClInclude>
    <ClInclude Include="sensor\SDL_syssensor.h">
      <Filter>Source Files\sensor</Filter>
    </ClInclude>
    <ClInclude Include="sensor\dummy\SDL_dummysensor.h">
      <Filter>Source Files\sensor\dummy</Filter>
    </ClInclude>
    <ClInclude Include="joystick\hidapi\SDL_hidapi_rumble.h">
      <Filter>Source Files\joystick\hidapi</Filter>
    </ClInclude>
    <ClInclude Include="joystick\hidapi\SDL_hidapijoystick_c.h">
      <Filter>Source Files\joystick\hidapi</Filter>
    </ClInclude>
    <ClInclude Include="audio\SDL_audio_c.h">
      <Filter>audio</Filter>
    </ClInclude>
    <ClInclude Include="audio\SDL_audiodev_c.h">
      <Filter>audio</Filter>
    </ClInclude>
    <ClInclude Include="audio\SDL_sysaudio.h">
      <Filter>audio</Filter>
    </ClInclude>
    <ClInclude Include="audio\SDL_wave.h">
      <Filter>audio</Filter>
    </ClInclude>
    <ClInclude Include="audio\directsound\SDL_directsound.h">
      <Filter>audio\directsound</Filter>
    </ClInclude>
    <ClInclude Include="audio\disk\SDL_diskaudio.h">
      <Filter>audio\disk</Filter>
    </ClInclude>
    <ClInclude Include="audio\dummy\SDL_dummyaudio.h">
      <Filter>audio\dummy</Filter>
    </ClInclude>
    <ClInclude Include="audio\winmm\SDL_winmm.h">
      <Filter>audio\winmm</Filter>
    </ClInclude>
    <ClInclude Include="audio\wasapi\SDL_wasapi.h">
      <Filter>audio\wasapi</Filter>
    </ClInclude>
    <ClInclude Include="hidapi\hidapi\hidapi.h">
      <Filter>Source Files\hidapi</Filter>
    </ClInclude>
    <ClInclude Include="render\direct3d\SDL_shaders_d3d.h">
      <Filter>Source Files\render\direct3d</Filter>
    </ClInclude>
    <ClInclude Include="render\opengles2\SDL_gles2funcs.h">
      <Filter>Source Files\render\opengles2</Filter>
    </ClInclude>
    <ClInclude Include="render\opengles2\SDL_shaders_gles2.h">
      <Filter>Source Files\render\opengles2</Filter>
    </ClInclude>
    <ClInclude Include="video\dummy\SDL_nullevents_c.h">
      <Filter>Source Files\video\dummy</Filter>
    </ClInclude>
    <ClInclude Include="video\dummy\SDL_nullframebuffer_c.h">
      <Filter>Source Files\video\dummy</Filter>
    </ClInclude>
    <ClInclude Include="video\dummy\SDL_nullvideo.h">
      <Filter>Source Files\video\dummy</Filter>
    </ClInclude>
  </ItemGroup>
  <ItemGroup>
    <ClCompile Include="SDL.c">
      <Filter>Source Files</Filter>
    </ClCompile>
    <ClCompile Include="SDL_assert.c">
      <Filter>Source Files</Filter>
    </ClCompile>
    <ClCompile Include="SDL_dataqueue.c">
      <Filter>Source Files</Filter>
    </ClCompile>
    <ClCompile Include="SDL_error.c">
      <Filter>Source Files</Filter>
    </ClCompile>
    <ClCompile Include="SDL_hints.c">
      <Filter>Source Files</Filter>
    </ClCompile>
    <ClCompile Include="SDL_log.c">
      <Filter>Source Files</Filter>
    </ClCompile>
    <ClCompile Include="atomic\SDL_atomic.c">
      <Filter>Source Files\atomic</Filter>
    </ClCompile>
    <ClCompile Include="atomic\SDL_spinlock.c">
      <Filter>Source Files\atomic</Filter>
    </ClCompile>
    <ClCompile Include="core\windows\SDL_windows.c">
      <Filter>Source Files\core</Filter>
    </ClCompile>
    <ClCompile Include="core\windows\SDL_xinput.c">
      <Filter>Source Files\core</Filter>
    </ClCompile>
    <ClCompile Include="cpuinfo\SDL_cpuinfo.c">
      <Filter>Source Files</Filter>
    </ClCompile>
    <ClCompile Include="events\SDL_clipboardevents.c">
      <Filter>Source Files\events</Filter>
    </ClCompile>
    <ClCompile Include="events\SDL_displayevents.c">
      <Filter>Source Files\events</Filter>
    </ClCompile>
    <ClCompile Include="events\SDL_dropevents.c">
      <Filter>Source Files\events</Filter>
    </ClCompile>
    <ClCompile Include="events\SDL_events.c">
      <Filter>Source Files\events</Filter>
    </ClCompile>
    <ClCompile Include="events\SDL_gesture.c">
      <Filter>Source Files\events</Filter>
    </ClCompile>
    <ClCompile Include="events\SDL_keyboard.c">
      <Filter>Source Files\events</Filter>
    </ClCompile>
    <ClCompile Include="events\SDL_mouse.c">
      <Filter>Source Files\events</Filter>
    </ClCompile>
    <ClCompile Include="events\SDL_quit.c">
      <Filter>Source Files\events</Filter>
    </ClCompile>
    <ClCompile Include="events\SDL_touch.c">
      <Filter>Source Files\events</Filter>
    </ClCompile>
    <ClCompile Include="events\SDL_windowevents.c">
      <Filter>Source Files\events</Filter>
    </ClCompile>
    <ClCompile Include="filesystem\windows\SDL_sysfilesystem.c">
      <Filter>Source Files</Filter>
    </ClCompile>
    <ClCompile Include="haptic\SDL_haptic.c">
      <Filter>Source Files\haptic</Filter>
    </ClCompile>
    <ClCompile Include="haptic\windows\SDL_dinputhaptic.c">
      <Filter>Source Files\haptic\windows</Filter>
    </ClCompile>
    <ClCompile Include="haptic\windows\SDL_windowshaptic.c">
      <Filter>Source Files\haptic\windows</Filter>
    </ClCompile>
    <ClCompile Include="haptic\windows\SDL_xinputhaptic.c">
      <Filter>Source Files\haptic\windows</Filter>
    </ClCompile>
    <ClCompile Include="joystick\SDL_gamecontroller.c">
      <Filter>Source Files\joystick</Filter>
    </ClCompile>
    <ClCompile Include="joystick\SDL_joystick.c">
      <Filter>Source Files\joystick</Filter>
    </ClCompile>
    <ClCompile Include="joystick\windows\SDL_dinputjoystick.c">
      <Filter>Source Files\joystick\windows</Filter>
    </ClCompile>
    <ClCompile Include="joystick\windows\SDL_mmjoystick.c">
      <Filter>Source Files\joystick\windows</Filter>
    </ClCompile>
    <ClCompile Include="joystick\windows\SDL_windowsjoystick.c">
      <Filter>Source Files\joystick\windows</Filter>
    </ClCompile>
    <ClCompile Include="joystick\windows\SDL_xinputjoystick.c">
      <Filter>Source Files\joystick\windows</Filter>
    </ClCompile>
    <ClCompile Include="libm\e_atan2.c">
      <Filter>Source Files\libm</Filter>
    </ClCompile>
    <ClCompile Include="libm\e_exp.c">
      <Filter>Source Files\libm</Filter>
    </ClCompile>
    <ClCompile Include="libm\e_fmod.c">
      <Filter>Source Files\libm</Filter>
    </ClCompile>
    <ClCompile Include="libm\e_log.c">
      <Filter>Source Files\libm</Filter>
    </ClCompile>
    <ClCompile Include="libm\e_log10.c">
      <Filter>Source Files\libm</Filter>
    </ClCompile>
    <ClCompile Include="libm\e_pow.c">
      <Filter>Source Files\libm</Filter>
    </ClCompile>
    <ClCompile Include="libm\e_rem_pio2.c">
      <Filter>Source Files\libm</Filter>
    </ClCompile>
    <ClCompile Include="libm\e_sqrt.c">
      <Filter>Source Files\libm</Filter>
    </ClCompile>
    <ClCompile Include="libm\k_cos.c">
      <Filter>Source Files\libm</Filter>
    </ClCompile>
    <ClCompile Include="libm\k_rem_pio2.c">
      <Filter>Source Files\libm</Filter>
    </ClCompile>
    <ClCompile Include="libm\k_sin.c">
      <Filter>Source Files\libm</Filter>
    </ClCompile>
    <ClCompile Include="libm\k_tan.c">
      <Filter>Source Files\libm</Filter>
    </ClCompile>
    <ClCompile Include="libm\s_atan.c">
      <Filter>Source Files\libm</Filter>
    </ClCompile>
    <ClCompile Include="libm\s_copysign.c">
      <Filter>Source Files\libm</Filter>
    </ClCompile>
    <ClCompile Include="libm\s_cos.c">
      <Filter>Source Files\libm</Filter>
    </ClCompile>
    <ClCompile Include="libm\s_fabs.c">
      <Filter>Source Files\libm</Filter>
    </ClCompile>
    <ClCompile Include="libm\s_floor.c">
      <Filter>Source Files\libm</Filter>
    </ClCompile>
    <ClCompile Include="libm\s_scalbn.c">
      <Filter>Source Files\libm</Filter>
    </ClCompile>
    <ClCompile Include="libm\s_sin.c">
      <Filter>Source Files\libm</Filter>
    </ClCompile>
    <ClCompile Include="libm\s_tan.c">
      <Filter>Source Files\libm</Filter>
    </ClCompile>
    <ClCompile Include="render\SDL_d3dmath.c">
      <Filter>Source Files\render</Filter>
    </ClCompile>
    <ClCompile Include="render\SDL_render.c">
      <Filter>Source Files\render</Filter>
    </ClCompile>
    <ClCompile Include="render\SDL_yuv_sw.c">
      <Filter>Source Files\render</Filter>
    </ClCompile>
    <ClCompile Include="render\opengl\SDL_render_gl.c">
      <Filter>Source Files\render\opengl</Filter>
    </ClCompile>
    <ClCompile Include="render\opengl\SDL_shaders_gl.c">
      <Filter>Source Files\render\opengl</Filter>
    </ClCompile>
    <ClCompile Include="stdlib\SDL_getenv.c">
      <Filter>Source Files\stdlib</Filter>
    </ClCompile>
    <ClCompile Include="stdlib\SDL_iconv.c">
      <Filter>Source Files\stdlib</Filter>
    </ClCompile>
    <ClCompile Include="stdlib\SDL_malloc.c">
      <Filter>Source Files\stdlib</Filter>
    </ClCompile>
    <ClCompile Include="stdlib\SDL_qsort.c">
      <Filter>Source Files\stdlib</Filter>
    </ClCompile>
    <ClCompile Include="stdlib\SDL_stdlib.c">
      <Filter>Source Files\stdlib</Filter>
    </ClCompile>
    <ClCompile Include="stdlib\SDL_string.c">
      <Filter>Source Files\stdlib</Filter>
    </ClCompile>
    <ClCompile Include="stdlib\SDL_strtokr.c">
      <Filter>Source Files\stdlib</Filter>
    </ClCompile>
    <ClCompile Include="thread\SDL_thread.c">
      <Filter>Source Files\thread</Filter>
    </ClCompile>
    <ClCompile Include="thread\windows\SDL_sysmutex.c">
      <Filter>Source Files\thread\windows</Filter>
    </ClCompile>
    <ClCompile Include="thread\windows\SDL_syssem.c">
      <Filter>Source Files\thread\windows</Filter>
    </ClCompile>
    <ClCompile Include="thread\windows\SDL_systhread.c">
      <Filter>Source Files\thread\windows</Filter>
    </ClCompile>
    <ClCompile Include="thread\windows\SDL_systls.c">
      <Filter>Source Files\thread\windows</Filter>
    </ClCompile>
    <ClCompile Include="timer\SDL_timer.c">
      <Filter>Source Files\timer</Filter>
    </ClCompile>
    <ClCompile Include="timer\windows\SDL_systimer.c">
      <Filter>Source Files\timer\windows</Filter>
    </ClCompile>
    <ClCompile Include="video\SDL_blit.c">
      <Filter>Source Files\video</Filter>
    </ClCompile>
    <ClCompile Include="video\SDL_blit_0.c">
      <Filter>Source Files\video</Filter>
    </ClCompile>
    <ClCompile Include="video\SDL_blit_1.c">
      <Filter>Source Files\video</Filter>
    </ClCompile>
    <ClCompile Include="video\SDL_blit_A.c">
      <Filter>Source Files\video</Filter>
    </ClCompile>
    <ClCompile Include="video\SDL_blit_auto.c">
      <Filter>Source Files\video</Filter>
    </ClCompile>
    <ClCompile Include="video\SDL_blit_copy.c">
      <Filter>Source Files\video</Filter>
    </ClCompile>
    <ClCompile Include="video\SDL_blit_N.c">
      <Filter>Source Files\video</Filter>
    </ClCompile>
    <ClCompile Include="video\SDL_blit_slow.c">
      <Filter>Source Files\video</Filter>
    </ClCompile>
    <ClCompile Include="video\SDL_bmp.c">
      <Filter>Source Files\video</Filter>
    </ClCompile>
    <ClCompile Include="video\SDL_clipboard.c">
      <Filter>Source Files\video</Filter>
    </ClCompile>
    <ClCompile Include="video\SDL_egl.c">
      <Filter>Source Files\video</Filter>
    </ClCompile>
    <ClCompile Include="video\SDL_fillrect.c">
      <Filter>Source Files\video</Filter>
    </ClCompile>
    <ClCompile Include="video\SDL_pixels.c">
      <Filter>Source Files\video</Filter>
    </ClCompile>
    <ClCompile Include="video\SDL_rect.c">
      <Filter>Source Files\video</Filter>
    </ClCompile>
    <ClCompile Include="video\SDL_RLEaccel.c">
      <Filter>Source Files\video</Filter>
    </ClCompile>
    <ClCompile Include="video\SDL_shape.c">
      <Filter>Source Files\video</Filter>
    </ClCompile>
    <ClCompile Include="video\SDL_stretch.c">
      <Filter>Source Files\video</Filter>
    </ClCompile>
    <ClCompile Include="video\SDL_surface.c">
      <Filter>Source Files\video</Filter>
    </ClCompile>
    <ClCompile Include="video\SDL_video.c">
      <Filter>Source Files\video</Filter>
    </ClCompile>
    <ClCompile Include="video\SDL_vulkan_utils.c">
      <Filter>Source Files\video</Filter>
    </ClCompile>
    <ClCompile Include="video\SDL_yuv.c">
      <Filter>Source Files\video</Filter>
    </ClCompile>
    <ClCompile Include="video\yuv2rgb\yuv_rgb.c">
      <Filter>Source Files\video\yuv2rgb</Filter>
    </ClCompile>
    <ClCompile Include="video\windows\SDL_windowsclipboard.c">
      <Filter>Source Files\video\windows</Filter>
    </ClCompile>
    <ClCompile Include="video\windows\SDL_windowsevents.c">
      <Filter>Source Files\video\windows</Filter>
    </ClCompile>
    <ClCompile Include="video\windows\SDL_windowsframebuffer.c">
      <Filter>Source Files\video\windows</Filter>
    </ClCompile>
    <ClCompile Include="video\windows\SDL_windowskeyboard.c">
      <Filter>Source Files\video\windows</Filter>
    </ClCompile>
    <ClCompile Include="video\windows\SDL_windowsmessagebox.c">
      <Filter>Source Files\video\windows</Filter>
    </ClCompile>
    <ClCompile Include="video\windows\SDL_windowsmodes.c">
      <Filter>Source Files\video\windows</Filter>
    </ClCompile>
    <ClCompile Include="video\windows\SDL_windowsmouse.c">
      <Filter>Source Files\video\windows</Filter>
    </ClCompile>
    <ClCompile Include="video\windows\SDL_windowsopengl.c">
      <Filter>Source Files\video\windows</Filter>
    </ClCompile>
    <ClCompile Include="video\windows\SDL_windowsopengles.c">
      <Filter>Source Files\video\windows</Filter>
    </ClCompile>
    <ClCompile Include="video\windows\SDL_windowsshape.c">
      <Filter>Source Files\video\windows</Filter>
    </ClCompile>
    <ClCompile Include="video\windows\SDL_windowsvideo.c">
      <Filter>Source Files\video\windows</Filter>
    </ClCompile>
    <ClCompile Include="video\windows\SDL_windowsvulkan.c">
      <Filter>Source Files\video\windows</Filter>
    </ClCompile>
    <ClCompile Include="video\windows\SDL_windowswindow.c">
      <Filter>Source Files\video\windows</Filter>
    </ClCompile>
    <ClCompile Include="loadso\windows\SDL_sysloadso.c">
      <Filter>Source Files\loadso</Filter>
    </ClCompile>
    <ClCompile Include="sensor\SDL_sensor.c">
      <Filter>Source Files\sensor</Filter>
    </ClCompile>
    <ClCompile Include="sensor\dummy\SDL_dummysensor.c">
      <Filter>Source Files\sensor\dummy</Filter>
    </ClCompile>
    <ClCompile Include="file\SDL_rwops.c">
      <Filter>Source Files</Filter>
    </ClCompile>
    <ClCompile Include="thread\generic\SDL_syscond.c">
      <Filter>Source Files\thread\generic</Filter>
    </ClCompile>
    <ClCompile Include="joystick\hidapi\SDL_hidapi_gamecube.c">
      <Filter>Source Files\joystick\hidapi</Filter>
    </ClCompile>
    <ClCompile Include="joystick\hidapi\SDL_hidapi_ps4.c">
      <Filter>Source Files\joystick\hidapi</Filter>
    </ClCompile>
    <ClCompile Include="joystick\hidapi\SDL_hidapi_rumble.c">
      <Filter>Source Files\joystick\hidapi</Filter>
    </ClCompile>
    <ClCompile Include="joystick\hidapi\SDL_hidapi_steam.c">
      <Filter>Source Files\joystick\hidapi</Filter>
    </ClCompile>
    <ClCompile Include="joystick\hidapi\SDL_hidapi_switch.c">
      <Filter>Source Files\joystick\hidapi</Filter>
    </ClCompile>
    <ClCompile Include="joystick\hidapi\SDL_hidapi_xbox360.c">
      <Filter>Source Files\joystick\hidapi</Filter>
    </ClCompile>
    <ClCompile Include="joystick\hidapi\SDL_hidapi_xbox360w.c">
      <Filter>Source Files\joystick\hidapi</Filter>
    </ClCompile>
    <ClCompile Include="joystick\hidapi\SDL_hidapi_xboxone.c">
      <Filter>Source Files\joystick\hidapi</Filter>
    </ClCompile>
    <ClCompile Include="joystick\hidapi\SDL_hidapijoystick.c">
      <Filter>Source Files\joystick\hidapi</Filter>
    </ClCompile>
    <ClCompile Include="audio\SDL_audio.c">
      <Filter>audio</Filter>
    </ClCompile>
    <ClCompile Include="audio\SDL_audiocvt.c">
      <Filter>audio</Filter>
    </ClCompile>
    <ClCompile Include="audio\SDL_audiodev.c">
      <Filter>audio</Filter>
    </ClCompile>
    <ClCompile Include="audio\SDL_audiotypecvt.c">
      <Filter>audio</Filter>
    </ClCompile>
    <ClCompile Include="audio\SDL_mixer.c">
      <Filter>audio</Filter>
    </ClCompile>
    <ClCompile Include="audio\SDL_wave.c">
      <Filter>audio</Filter>
    </ClCompile>
    <ClCompile Include="audio\directsound\SDL_directsound.c">
      <Filter>audio\directsound</Filter>
    </ClCompile>
    <ClCompile Include="audio\disk\SDL_diskaudio.c">
      <Filter>audio\disk</Filter>
    </ClCompile>
    <ClCompile Include="audio\dummy\SDL_dummyaudio.c">
      <Filter>audio\dummy</Filter>
    </ClCompile>
    <ClCompile Include="audio\winmm\SDL_winmm.c">
      <Filter>audio\winmm</Filter>
    </ClCompile>
    <ClCompile Include="audio\wasapi\SDL_wasapi.c">
      <Filter>audio\wasapi</Filter>
    </ClCompile>
    <ClCompile Include="audio\wasapi\SDL_wasapi_win32.c">
      <Filter>audio\wasapi</Filter>
    </ClCompile>
    <ClCompile Include="audio\wasapi\SDL_wasapi_winrt.cpp">
      <Filter>audio\wasapi</Filter>
    </ClCompile>
    <ClCompile Include="hidapi\windows\hid.c">
      <Filter>Source Files\hidapi</Filter>
    </ClCompile>
    <ClCompile Include="render\direct3d\SDL_render_d3d.c">
      <Filter>Source Files\render\direct3d</Filter>
    </ClCompile>
    <ClCompile Include="render\direct3d\SDL_shaders_d3d.c">
      <Filter>Source Files\render\direct3d</Filter>
    </ClCompile>
    <ClCompile Include="render\opengles2\SDL_render_gles2.c">
      <Filter>Source Files\render\opengles2</Filter>
    </ClCompile>
    <ClCompile Include="render\opengles2\SDL_shaders_gles2.c">
      <Filter>Source Files\render\opengles2</Filter>
    </ClCompile>
    <ClCompile Include="video\dummy\SDL_nullevents.c">
      <Filter>Source Files\video\dummy</Filter>
    </ClCompile>
    <ClCompile Include="video\dummy\SDL_nullframebuffer.c">
      <Filter>Source Files\video\dummy</Filter>
    </ClCompile>
    <ClCompile Include="video\dummy\SDL_nullvideo.c">
      <Filter>Source Files\video\dummy</Filter>
    </ClCompile>
  </ItemGroup>
</Project>