Microsoft Visual Studio Solution File, Format Version 12.00
# Visual Studio Version 16
VisualStudioVersion = 16.0.30503.244
MinimumVisualStudioVersion = 10.0.40219.1
Project("{8BC9CEB8-8B4A-11D0-8D11-00A0C91BC942}") = "Lux", "amnesia\src\game\Lux.vcxproj", "{451CAACC-25B3-465C-A42E-658B8883406E}"
EndProject
Project("{8BC9CEB8-8B4A-11D0-8D11-00A0C91BC942}") = "HPL2", "HPL2\core\HPL2.vcxproj", "{4AB08447-393F-40D0-A48D-AA6CA41D50CC}"
EndProject
Project("{8BC9CEB8-8B4A-11D0-8D11-00A0C91BC942}") = "AngelScript", "HPL2\dependencies\sources\AngelScript\AngelScript.vcxproj", "{F52F5209-0E1B-445E-A9B5-EDEEB444215D}"
EndProject
Project("{8BC9CEB8-8B4A-11D0-8D11-00A0C91BC942}") = "DevIL", "HPL2\dependencies\sources\DevIL\DevIL.vcxproj", "{A33D83B6-5377-4386-A670-9096DB288370}"
EndProject
Project("{8BC9CEB8-8B4A-11D0-8D11-00A0C91BC942}") = "GLEW", "HPL2\dependencies\sources\GLEW\GLEW.vcxproj", "{69D24CFF-31F6-4530-AC45-FB324AAB5713}"
EndProject
Project("{8BC9CEB8-8B4A-11D0-8D11-00A0C91BC942}") = "jpeg", "HPL2\dependencies\sources\jpeg\jpeg.vcxproj", "{8C09B653-1480-454A-9A8F-16B4DF4B69AF}"
EndProject
Project("{8BC9CEB8-8B4A-11D0-8D11-00A0C91BC942}") = "Newton", "HPL2\dependencies\sources\Newton\Newton.vcxproj", "{BFB0E28B-C289-4982-A6F0-C19CB3A57141}"
EndProject
Project("{8BC9CEB8-8B4A-11D0-8D11-00A0C91BC942}") = "ogg", "HPL2\dependencies\sources\ogg\ogg.vcxproj", "{78F1FC55-39F8-4528-9ACF-E6196CFCAE3E}"
EndProject
Project("{8BC9CEB8-8B4A-11D0-8D11-00A0C91BC942}") = "png", "HPL2\dependencies\sources\png\png.vcxproj", "{C8C303FC-2B02-4F9E-932B-339C68D03590}"
EndProject
Project("{8BC9CEB8-8B4A-11D0-8D11-00A0C91BC942}") = "SDL2", "HPL2\dependencies\sources\SDL2\SDL2.vcxproj", "{A748AEF9-9068-401D-AB2B-196FDF92F5CC}"
EndProject
Project("{8BC9CEB8-8B4A-11D0-8D11-00A0C91BC942}") = "theora", "HPL2\dependencies\sources\theora\theora.vcxproj", "{F137B949-540B-4C39-91CF-B7A1E72E3059}"
EndProject
Project("{8BC9CEB8-8B4A-11D0-8D11-00A0C91BC942}") = "vorbis", "HPL2\dependencies\sources\vorbis\vorbis.vcxproj", "{6C112F3E-CD0B-4A8A-B103-BDD42DFEC27D}"
EndProject
Project("{8BC9CEB8-8B4A-11D0-8D11-00A0C91BC942}") = "zlib", "HPL2\dependencies\sources\zlib\zlib.vcxproj", "{1828F2BE-9DA8-43B7-A2F9-A2E21C211419}"
EndProject
Project("{8BC9CEB8-8B4A-11D0-8D11-00A0C91BC942}") = "freealut", "HPL2\dependencies\sources\freealut\freealut.vcxproj", "{34D09609-96AA-4D99-A3A7-A404B7CA24F8}"
EndProject
Project("{8BC9CEB8-8B4A-11D0-8D11-00A0C91BC942}") = "LevelEditor", "HPL2\tools\editors\leveleditor\LevelEditor.vcxproj", "{847113B7-FF3A-43DF-A726-221E2F4AC83C}"
EndProject
Project("{8BC9CEB8-8B4A-11D0-8D11-00A0C91BC942}") = "MaterialEditor", "HPL2\tools\editors\materialeditor\MaterialEditor.vcxproj", "{865DA9CA-71D7-46CD-97A2-7F7ACBFDB469}"
EndProject
Project("{8BC9CEB8-8B4A-11D0-8D11-00A0C91BC942}") = "ModelEditor", "HPL2\tools\editors\modeleditor\ModelEditor.vcxproj", "{1E7116DB-CA38-4A7A-8C67-6D57473D2F40}"
EndProject
Project("{8BC9CEB8-8B4A-11D0-8D11-00A0C91BC942}") = "ParticleEditor", "HPL2\tools\editors\particleeditor\ParticleEditor.vcxproj", "{61034717-554B-448A-B139-75C5F4C46FB8}"
EndProject
Project("{8BC9CEB8-8B4A-11D0-8D11-00A0C91BC942}") = "MapView", "HPL2\tools\mapview\MapView.vcxproj", "{E464A8DA-E7E0-45BC-B46A-42991283992E}"
EndProject
Project("{8BC9CEB8-8B4A-11D0-8D11-00A0C91BC942}") = "ModelView", "HPL2\tools\modelview\ModelView.vcxproj", "{CF2C5DD0-D7F9-47E2-9B83-E93387B6F4E8}"
EndProject
Global
	GlobalSection(SolutionConfigurationPlatforms) = preSolution
		Debug|x64 = Debug|x64
		Debug|x86 = Debug|x86
		Release|x64 = Release|x64
		Release|x86 = Release|x86
	EndGlobalSection
	GlobalSection(ProjectConfigurationPlatforms) = postSolution
		{451CAACC-25B3-465C-A42E-658B8883406E}.Debug|x64.ActiveCfg = Debug|x64
		{451CAACC-25B3-465C-A42E-658B8883406E}.Debug|x64.Build.0 = Debug|x64
		{451CAACC-25B3-465C-A42E-658B8883406E}.Debug|x86.ActiveCfg = Debug|Win32
		{451CAACC-25B3-465C-A42E-658B8883406E}.Debug|x86.Build.0 = Debug|Win32
		{451CAACC-25B3-465C-A42E-658B8883406E}.Release|x64.ActiveCfg = Release|x64
		{451CAACC-25B3-465C-A42E-658B8883406E}.Release|x64.Build.0 = Release|x64
		{451CAACC-25B3-465C-A42E-658B8883406E}.Release|x86.ActiveCfg = Release|Win32
		{451CAACC-25B3-465C-A42E-658B8883406E}.Release|x86.Build.0 = Release|Win32
		{4AB08447-393F-40D0-A48D-AA6CA41D50CC}.Debug|x64.ActiveCfg = Debug|x64
		{4AB08447-393F-40D0-A48D-AA6CA41D50CC}.Debug|x64.Build.0 = Debug|x64
		{4AB08447-393F-40D0-A48D-AA6CA41D50CC}.Debug|x86.ActiveCfg = Debug|Win32
		{4AB08447-393F-40D0-A48D-AA6CA41D50CC}.Debug|x86.Build.0 = Debug|Win32
		{4AB08447-393F-40D0-A48D-AA6CA41D50CC}.Release|x64.ActiveCfg = Release|x64
		{4AB08447-393F-40D0-A48D-AA6CA41D50CC}.Release|x64.Build.0 = Release|x64
		{4AB08447-393F-40D0-A48D-AA6CA41D50CC}.Release|x86.ActiveCfg = Release|Win32
		{4AB08447-393F-40D0-A48D-AA6CA41D50CC}.Release|x86.Build.0 = Release|Win32
		{F52F5209-0E1B-445E-A9B5-EDEEB444215D}.Debug|x64.ActiveCfg = Debug|x64
		{F52F5209-0E1B-445E-A9B5-EDEEB444215D}.Debug|x64.Build.0 = Debug|x64
		{F52F5209-0E1B-445E-A9B5-EDEEB444215D}.Debug|x86.ActiveCfg = Debug|Win32
		{F52F5209-0E1B-445E-A9B5-EDEEB444215D}.Debug|x86.Build.0 = Debug|Win32
		{F52F5209-0E1B-445E-A9B5-EDEEB444215D}.Release|x64.ActiveCfg = Release|x64
		{F52F5209-0E1B-445E-A9B5-EDEEB444215D}.Release|x64.Build.0 = Release|x64
		{F52F5209-0E1B-445E-A9B5-EDEEB444215D}.Release|x86.ActiveCfg = Release|Win32
		{F52F5209-0E1B-445E-A9B5-EDEEB444215D}.Release|x86.Build.0 = Release|Win32
		{A33D83B6-5377-4386-A670-9096DB288370}.Debug|x64.ActiveCfg = Debug|x64
		{A33D83B6-5377-4386-A670-9096DB288370}.Debug|x64.Build.0 = Debug|x64
		{A33D83B6-5377-4386-A670-9096DB288370}.Debug|x86.ActiveCfg = Debug|Win32
		{A33D83B6-5377-4386-A670-9096DB288370}.Debug|x86.Build.0 = Debug|Win32
		{A33D83B6-5377-4386-A670-9096DB288370}.Release|x64.ActiveCfg = Release|x64
		{A33D83B6-5377-4386-A670-9096DB288370}.Release|x64.Build.0 = Release|x64
		{A33D83B6-5377-4386-A670-9096DB288370}.Release|x86.ActiveCfg = Release|Win32
		{A33D83B6-5377-4386-A670-9096DB288370}.Release|x86.Build.0 = Release|Win32
		{69D24CFF-31F6-4530-AC45-FB324AAB5713}.Debug|x64.ActiveCfg = Debug|x64
		{69D24CFF-31F6-4530-AC45-FB324AAB5713}.Debug|x64.Build.0 = Debug|x64
		{69D24CFF-31F6-4530-AC45-FB324AAB5713}.Debug|x86.ActiveCfg = Debug|Win32
		{69D24CFF-31F6-4530-AC45-FB324AAB5713}.Debug|x86.Build.0 = Debug|Win32
		{69D24CFF-31F6-4530-AC45-FB324AAB5713}.Release|x64.ActiveCfg = Release|x64
		{69D24CFF-31F6-4530-AC45-FB324AAB5713}.Release|x64.Build.0 = Release|x64
		{69D24CFF-31F6-4530-AC45-FB324AAB5713}.Release|x86.ActiveCfg = Release|Win32
		{69D24CFF-31F6-4530-AC45-FB324AAB5713}.Release|x86.Build.0 = Release|Win32
		{8C09B653-1480-454A-9A8F-16B4DF4B69AF}.Debug|x64.ActiveCfg = Debug|x64
		{8C09B653-1480-454A-9A8F-16B4DF4B69AF}.Debug|x64.Build.0 = Debug|x64
		{8C09B653-1480-454A-9A8F-16B4DF4B69AF}.Debug|x86.ActiveCfg = Debug|Win32
		{8C09B653-1480-454A-9A8F-16B4DF4B69AF}.Debug|x86.Build.0 = Debug|Win32
		{8C09B653-1480-454A-9A8F-16B4DF4B69AF}.Release|x64.ActiveCfg = Release|x64
		{8C09B653-1480-454A-9A8F-16B4DF4B69AF}.Release|x64.Build.0 = Release|x64
		{8C09B653-1480-454A-9A8F-16B4DF4B69AF}.Release|x86.ActiveCfg = Release|Win32
		{8C09B653-1480-454A-9A8F-16B4DF4B69AF}.Release|x86.Build.0 = Release|Win32
		{BFB0E28B-C289-4982-A6F0-C19CB3A57141}.Debug|x64.ActiveCfg = Debug|x64
		{BFB0E28B-C289-4982-A6F0-C19CB3A57141}.Debug|x64.Build.0 = Debug|x64
		{BFB0E28B-C289-4982-A6F0-C19CB3A57141}.Debug|x86.ActiveCfg = Debug|Win32
		{BFB0E28B-C289-4982-A6F0-C19CB3A57141}.Debug|x86.Build.0 = Debug|Win32
		{BFB0E28B-C289-4982-A6F0-C19CB3A57141}.Release|x64.ActiveCfg = Release|x64
		{BFB0E28B-C289-4982-A6F0-C19CB3A57141}.Release|x64.Build.0 = Release|x64
		{BFB0E28B-C289-4982-A6F0-C19CB3A57141}.Release|x86.ActiveCfg = Release|Win32
		{BFB0E28B-C289-4982-A6F0-C19CB3A57141}.Release|x86.Build.0 = Release|Win32
		{78F1FC55-39F8-4528-9ACF-E6196CFCAE3E}.Debug|x64.ActiveCfg = Debug|x64
		{78F1FC55-39F8-4528-9ACF-E6196CFCAE3E}.Debug|x64.Build.0 = Debug|x64
		{78F1FC55-39F8-4528-9ACF-E6196CFCAE3E}.Debug|x86.ActiveCfg = Debug|Win32
		{78F1FC55-39F8-4528-9ACF-E6196CFCAE3E}.Debug|x86.Build.0 = Debug|Win32
		{78F1FC55-39F8-4528-9ACF-E6196CFCAE3E}.Release|x64.ActiveCfg = Release|x64
		{78F1FC55-39F8-4528-9ACF-E6196CFCAE3E}.Release|x64.Build.0 = Release|x64
		{78F1FC55-39F8-4528-9ACF-E6196CFCAE3E}.Release|x86.ActiveCfg = Release|Win32
		{78F1FC55-39F8-4528-9ACF-E6196CFCAE3E}.Release|x86.Build.0 = Release|Win32
		{C8C303FC-2B02-4F9E-932B-339C68D03590}.Debug|x64.ActiveCfg = Debug|x64
		{C8C303FC-2B02-4F9E-932B-339C68D03590}.Debug|x64.Build.0 = Debug|x64
		{C8C303FC-2B02-4F9E-932B-339C68D03590}.Debug|x86.ActiveCfg = Debug|Win32
		{C8C303FC-2B02-4F9E-932B-339C68D03590}.Debug|x86.Build.0 = Debug|Win32
		{C8C303FC-2B02-4F9E-932B-339C68D03590}.Release|x64.ActiveCfg = Release|x64
		{C8C303FC-2B02-4F9E-932B-339C68D03590}.Release|x64.Build.0 = Release|x64
		{C8C303FC-2B02-4F9E-932B-339C68D03590}.Release|x86.ActiveCfg = Release|Win32
		{C8C303FC-2B02-4F9E-932B-339C68D03590}.Release|x86.Build.0 = Release|Win32
		{A748AEF9-9068-401D-AB2B-196FDF92F5CC}.Debug|x64.ActiveCfg = Debug|x64
		{A748AEF9-9068-401D-AB2B-196FDF92F5CC}.Debug|x64.Build.0 = Debug|x64
		{A748AEF9-9068-401D-AB2B-196FDF92F5CC}.Debug|x86.ActiveCfg = Debug|Win32
		{A748AEF9-9068-401D-AB2B-196FDF92F5CC}.Debug|x86.Build.0 = Debug|Win32
		{A748AEF9-9068-401D-AB2B-196FDF92F5CC}.Release|x64.ActiveCfg = Release|x64
		{A748AEF9-9068-401D-AB2B-196FDF92F5CC}.Release|x64.Build.0 = Release|x64
		{A748AEF9-9068-401D-AB2B-196FDF92F5CC}.Release|x86.ActiveCfg = Release|Win32
		{A748AEF9-9068-401D-AB2B-196FDF92F5CC}.Release|x86.Build.0 = Release|Win32
		{F137B949-540B-4C39-91CF-B7A1E72E3059}.Debug|x64.ActiveCfg = Debug|x64
		{F137B949-540B-4C39-91CF-B7A1E72E3059}.Debug|x64.Build.0 = Debug|x64
		{F137B949-540B-4C39-91CF-B7A1E72E3059}.Debug|x86.ActiveCfg = Debug|Win32
		{F137B949-540B-4C39-91CF-B7A1E72E3059}.Debug|x86.Build.0 = Debug|Win32
		{F137B949-540B-4C39-91CF-B7A1E72E3059}.Release|x64.ActiveCfg = Release|x64
		{F137B949-540B-4C39-91CF-B7A1E72E3059}.Release|x64.Build.0 = Release|x64
		{F137B949-540B-4C39-91CF-B7A1E72E3059}.Release|x86.ActiveCfg = Release|Win32
		{F137B949-540B-4C39-91CF-B7A1E72E3059}.Release|x86.Build.0 = Release|Win32
		{6C112F3E-CD0B-4A8A-B103-BDD42DFEC27D}.Debug|x64.ActiveCfg = Debug|x64
		{6C112F3E-CD0B-4A8A-B103-BDD42DFEC27D}.Debug|x64.Build.0 = Debug|x64
		{6C112F3E-CD0B-4A8A-B103-BDD42DFEC27D}.Debug|x86.ActiveCfg = Debug|Win32
		{6C112F3E-CD0B-4A8A-B103-BDD42DFEC27D}.Debug|x86.Build.0 = Debug|Win32
		{6C112F3E-CD0B-4A8A-B103-BDD42DFEC27D}.Release|x64.ActiveCfg = Release|x64
		{6C112F3E-CD0B-4A8A-B103-BDD42DFEC27D}.Release|x64.Build.0 = Release|x64
		{6C112F3E-CD0B-4A8A-B103-BDD42DFEC27D}.Release|x86.ActiveCfg = Release|Win32
		{6C112F3E-CD0B-4A8A-B103-BDD42DFEC27D}.Release|x86.Build.0 = Release|Win32
		{1828F2BE-9DA8-43B7-A2F9-A2E21C211419}.Debug|x64.ActiveCfg = Debug|x64
		{1828F2BE-9DA8-43B7-A2F9-A2E21C211419}.Debug|x64.Build.0 = Debug|x64
		{1828F2BE-9DA8-43B7-A2F9-A2E21C211419}.Debug|x86.ActiveCfg = Debug|Win32
		{1828F2BE-9DA8-43B7-A2F9-A2E21C211419}.Debug|x86.Build.0 = Debug|Win32
		{1828F2BE-9DA8-43B7-A2F9-A2E21C211419}.Release|x64.ActiveCfg = Release|x64
		{1828F2BE-9DA8-43B7-A2F9-A2E21C211419}.Release|x64.Build.0 = Release|x64
		{1828F2BE-9DA8-43B7-A2F9-A2E21C211419}.Release|x86.ActiveCfg = Release|Win32
		{1828F2BE-9DA8-43B7-A2F9-A2E21C211419}.Release|x86.Build.0 = Release|Win32
		{34D09609-96AA-4D99-A3A7-A404B7CA24F8}.Debug|x64.ActiveCfg = Debug|x64
		{34D09609-96AA-4D99-A3A7-A404B7CA24F8}.Debug|x64.Build.0 = Debug|x64
		{34D09609-96AA-4D99-A3A7-A404B7CA24F8}.Debug|x86.ActiveCfg = Debug|Win32
		{34D09609-96AA-4D99-A3A7-A404B7CA24F8}.Debug|x86.Build.0 = Debug|Win32
		{34D09609-96AA-4D99-A3A7-A404B7CA24F8}.Release|x64.ActiveCfg = Release|x64
		{34D09609-96AA-4D99-A3A7-A404B7CA24F8}.Release|x64.Build.0 = Release|x64
		{34D09609-96AA-4D99-A3A7-A404B7CA24F8}.Release|x86.ActiveCfg = Release|Win32
		{34D09609-96AA-4D99-A3A7-A404B7CA24F8}.Release|x86.Build.0 = Release|Win32
		{847113B7-FF3A-43DF-A726-221E2F4AC83C}.Debug|x64.ActiveCfg = Debug|x64
		{847113B7-FF3A-43DF-A726-221E2F4AC83C}.Debug|x64.Build.0 = Debug|x64
		{847113B7-FF3A-43DF-A726-221E2F4AC83C}.Debug|x86.ActiveCfg = Debug|Win32
		{847113B7-FF3A-43DF-A726-221E2F4AC83C}.Debug|x86.Build.0 = Debug|Win32
		{847113B7-FF3A-43DF-A726-221E2F4AC83C}.Release|x64.ActiveCfg = Release|x64
		{847113B7-FF3A-43DF-A726-221E2F4AC83C}.Release|x64.Build.0 = Release|x64
		{847113B7-FF3A-43DF-A726-221E2F4AC83C}.Release|x86.ActiveCfg = Release|Win32
		{847113B7-FF3A-43DF-A726-221E2F4AC83C}.Release|x86.Build.0 = Release|Win32
		{865DA9CA-71D7-46CD-97A2-7F7ACBFDB469}.Debug|x64.ActiveCfg = Debug|x64
		{865DA9CA-71D7-46CD-97A2-7F7ACBFDB469}.Debug|x64.Build.0 = Debug|x64
		{865DA9CA-71D7-46CD-97A2-7F7ACBFDB469}.Debug|x86.ActiveCfg = Debug|Win32
		{865DA9CA-71D7-46CD-97A2-7F7ACBFDB469}.Debug|x86.Build.0 = Debug|Win32
		{865DA9CA-71D7-46CD-97A2-7F7ACBFDB469}.Release|x64.ActiveCfg = Release|x64
		{865DA9CA-71D7-46CD-97A2-7F7ACBFDB469}.Release|x64.Build.0 = Release|x64
		{865DA9CA-71D7-46CD-97A2-7F7ACBFDB469}.Release|x86.ActiveCfg = Release|Win32
		{865DA9CA-71D7-46CD-97A2-7F7ACBFDB469}.Release|x86.Build.0 = Release|Win32
		{1E7116DB-CA38-4A7A-8C67-6D57473D2F40}.Debug|x64.ActiveCfg = Debug|x64
		{1E7116DB-CA38-4A7A-8C67-6D57473D2F40}.Debug|x64.Build.0 = Debug|x64
		{1E7116DB-CA38-4A7A-8C67-6D57473D2F40}.Debug|x86.ActiveCfg = Debug|Win32
		{1E7116DB-CA38-4A7A-8C67-6D57473D2F40}.Debug|x86.Build.0 = Debug|Win32
		{1E7116DB-CA38-4A7A-8C67-6D57473D2F40}.Release|x64.ActiveCfg = Release|x64
		{1E7116DB-CA38-4A7A-8C67-6D57473D2F40}.Release|x64.Build.0 = Release|x64
		{1E7116DB-CA38-4A7A-8C67-6D57473D2F40}.Release|x86.ActiveCfg = Release|Win32
		{1E7116DB-CA38-4A7A-8C67-6D57473D2F40}.Release|x86.Build.0 = Release|Win32
		{61034717-554B-448A-B139-75C5F4C46FB8}.Debug|x64.ActiveCfg = Debug|x64
		{61034717-554B-448A-B139-75C5F4C46FB8}.Debug|x64.Build.0 = Debug|x64
		{61034717-554B-448A-B139-75C5F4C46FB8}.Debug|x86.ActiveCfg = Debug|Win32
		{61034717-554B-448A-B139-75C5F4C46FB8}.Debug|x86.Build.0 = Debug|Win32
		{61034717-554B-448A-B139-75C5F4C46FB8}.Release|x64.ActiveCfg = Release|x64
		{61034717-554B-448A-B139-75C5F4C46FB8}.Release|x64.Build.0 = Release|x64
		{61034717-554B-448A-B139-75C5F4C46FB8}.Release|x86.ActiveCfg = Release|Win32
		{61034717-554B-448A-B139-75C5F4C46FB8}.Release|x86.Build.0 = Release|Win32
		{E464A8DA-E7E0-45BC-B46A-42991283992E}.Debug|x64.ActiveCfg = Debug|x64
		{E464A8DA-E7E0-45BC-B46A-42991283992E}.Debug|x64.Build.0 = Debug|x64
		{E464A8DA-E7E0-45BC-B46A-42991283992E}.Debug|x86.ActiveCfg = Debug|Win32
		{E464A8DA-E7E0-45BC-B46A-42991283992E}.Debug|x86.Build.0 = Debug|Win32
		{E464A8DA-E7E0-45BC-B46A-42991283992E}.Release|x64.ActiveCfg = Release|x64
		{E464A8DA-E7E0-45BC-B46A-42991283992E}.Release|x64.Build.0 = Release|x64
		{E464A8DA-E7E0-45BC-B46A-42991283992E}.Release|x86.ActiveCfg = Release|Win32
		{E464A8DA-E7E0-45BC-B46A-42991283992E}.Release|x86.Build.0 = Release|Win32
		{CF2C5DD0-D7F9-47E2-9B83-E93387B6F4E8}.Debug|x64.ActiveCfg = Debug|x64
		{CF2C5DD0-D7F9-47E2-9B83-E93387B6F4E8}.Debug|x64.Build.0 = Debug|x64
		{CF2C5DD0-D7F9-47E2-9B83-E93387B6F4E8}.Debug|x86.ActiveCfg = Debug|Win32
		{CF2C5DD0-D7F9-47E2-9B83-E93387B6F4E8}.Debug|x86.Build.0 = Debug|Win32
		{CF2C5DD0-D7F9-47E2-9B83-E93387B6F4E8}.Release|x64.ActiveCfg = Release|x64
		{CF2C5DD0-D7F9-47E2-9B83-E93387B6F4E8}.Release|x64.Build.0 = Release|x64
		{CF2C5DD0-D7F9-47E2-9B83-E93387B6F4E8}.Release|x86.ActiveCfg = Release|Win32
		{CF2C5DD0-D7F9-47E2-9B83-E93387B6F4E8}.Release|x86.Build.0 = Release|Win32
	EndGlobalSection
	GlobalSection(SolutionProperties) = preSolution
		HideSolutionNode = FALSE
	EndGlobalSection
	GlobalSection(ExtensibilityGlobals) = postSolution
		SolutionGuid = {A63EF492-B8B2-4C7C-88B8-90E3974B21BC}
	EndGlobalSection
EndGlobal
