<?xml version="1.0" encoding="utf-8"?>
<Project ToolsVersion="4.0" xmlns="http://schemas.microsoft.com/developer/msbuild/2003">
  <ItemGroup>
    <Filter Include="Source Files">
      <UniqueIdentifier>{4FC737F1-C7A5-4376-A066-2A32D752A2FF}</UniqueIdentifier>
      <Extensions>cpp;c;cc;cxx;c++;cppm;ixx;def;odl;idl;hpj;bat;asm;asmx</Extensions>
    </Filter>
    <Filter Include="Header Files">
      <UniqueIdentifier>{93995380-89BD-4b04-88EB-625FBE52EBFB}</UniqueIdentifier>
      <Extensions>h;hh;hpp;hxx;h++;hm;inl;inc;ipp;xsd</Extensions>
    </Filter>
    <Filter Include="Resource Files">
      <UniqueIdentifier>{67DA6AB6-F800-4c08-8B7A-83BB121AAD01}</UniqueIdentifier>
      <Extensions>rc;ico;cur;bmp;dlg;rc2;rct;bin;rgs;gif;jpg;jpeg;jpe;resx;tiff;tif;png;wav;mfcribbon-ms</Extensions>
    </Filter>
    <Filter Include="Source Files\core">
      <UniqueIdentifier>{9501606d-a99f-436b-a26d-1efac25300f9}</UniqueIdentifier>
    </Filter>
    <Filter Include="Source Files\newton">
      <UniqueIdentifier>{0d5dd096-ce33-4fec-ba81-aea1d0844320}</UniqueIdentifier>
    </Filter>
    <Filter Include="Source Files\physics">
      <UniqueIdentifier>{1b83ec5d-ab05-4b27-94f0-0dbdd6507d12}</UniqueIdentifier>
    </Filter>
  </ItemGroup>
  <ItemGroup>
    <ClInclude Include="..\..\include\Newton.h">
      <Filter>Header Files</Filter>
    </ClInclude>
    <ClInclude Include="core\dg.h">
      <Filter>Source Files\core</Filter>
    </ClInclude>
    <ClInclude Include="core\dgAABBPolygonSoup.h">
      <Filter>Source Files\core</Filter>
    </ClInclude>
    <ClInclude Include="core\dgArray.h">
      <Filter>Source Files\core</Filter>
    </ClInclude>
    <ClInclude Include="core\dgConvexHull3d.h">
      <Filter>Source Files\core</Filter>
    </ClInclude>
    <ClInclude Include="core\dgConvexHull4d.h">
      <Filter>Source Files\core</Filter>
    </ClInclude>
    <ClInclude Include="core\dgCRC.h">
      <Filter>Source Files\core</Filter>
    </ClInclude>
    <ClInclude Include="core\dgDebug.h">
      <Filter>Source Files\core</Filter>
    </ClInclude>
    <ClInclude Include="core\dgDelaunayTetrahedralization.h">
      <Filter>Source Files\core</Filter>
    </ClInclude>
    <ClInclude Include="core\dgGeneralMatrix.h">
      <Filter>Source Files\core</Filter>
    </ClInclude>
    <ClInclude Include="core\dgGeneralVector.h">
      <Filter>Source Files\core</Filter>
    </ClInclude>
    <ClInclude Include="core\dgGoogol.h">
      <Filter>Source Files\core</Filter>
    </ClInclude>
    <ClInclude Include="core\dgGraph.h">
      <Filter>Source Files\core</Filter>
    </ClInclude>
    <ClInclude Include="core\dgHeap.h">
      <Filter>Source Files\core</Filter>
    </ClInclude>
    <ClInclude Include="core\dgIntersections.h">
      <Filter>Source Files\core</Filter>
    </ClInclude>
    <ClInclude Include="core\dgList.h">
      <Filter>Source Files\core</Filter>
    </ClInclude>
    <ClInclude Include="core\dgMatrix.h">
      <Filter>Source Files\core</Filter>
    </ClInclude>
    <ClInclude Include="core\dgMemory.h">
      <Filter>Source Files\core</Filter>
    </ClInclude>
    <ClInclude Include="core\dgNode.h">
      <Filter>Source Files\core</Filter>
    </ClInclude>
    <ClInclude Include="core\dgPathFinder.h">
      <Filter>Source Files\core</Filter>
    </ClInclude>
    <ClInclude Include="core\dgPlane.h">
      <Filter>Source Files\core</Filter>
    </ClInclude>
    <ClInclude Include="core\dgPolygonSoupBuilder.h">
      <Filter>Source Files\core</Filter>
    </ClInclude>
    <ClInclude Include="core\dgPolygonSoupDatabase.h">
      <Filter>Source Files\core</Filter>
    </ClInclude>
    <ClInclude Include="core\dgPolyhedra.h">
      <Filter>Source Files\core</Filter>
    </ClInclude>
    <ClInclude Include="core\dgPolyhedraMassProperties.h">
      <Filter>Source Files\core</Filter>
    </ClInclude>
    <ClInclude Include="core\dgQuaternion.h">
      <Filter>Source Files\core</Filter>
    </ClInclude>
    <ClInclude Include="core\dgRandom.h">
      <Filter>Source Files\core</Filter>
    </ClInclude>
    <ClInclude Include="core\dgRef.h">
      <Filter>Source Files\core</Filter>
    </ClInclude>
    <ClInclude Include="core\dgRefCounter.h">
      <Filter>Source Files\core</Filter>
    </ClInclude>
    <ClInclude Include="core\dgRtti.h">
      <Filter>Source Files\core</Filter>
    </ClInclude>
    <ClInclude Include="core\dgSimd_Instrutions.h">
      <Filter>Source Files\core</Filter>
    </ClInclude>
    <ClInclude Include="core\dgSmallDeterminant.h">
      <Filter>Source Files\core</Filter>
    </ClInclude>
    <ClInclude Include="core\dgSPDMatrix.h">
      <Filter>Source Files\core</Filter>
    </ClInclude>
    <ClInclude Include="core\dgSphere.h">
      <Filter>Source Files\core</Filter>
    </ClInclude>
    <ClInclude Include="core\dgStack.h">
      <Filter>Source Files\core</Filter>
    </ClInclude>
    <ClInclude Include="core\dgStdafx.h">
      <Filter>Source Files\core</Filter>
    </ClInclude>
    <ClInclude Include="core\dgThreads.h">
      <Filter>Source Files\core</Filter>
    </ClInclude>
    <ClInclude Include="core\dgTree.h">
      <Filter>Source Files\core</Filter>
    </ClInclude>
    <ClInclude Include="core\dgTypes.h">
      <Filter>Source Files\core</Filter>
    </ClInclude>
    <ClInclude Include="core\dgVector.h">
      <Filter>Source Files\core</Filter>
    </ClInclude>
    <ClInclude Include="physics\dgBallConstraint.h">
      <Filter>Source Files\physics</Filter>
    </ClInclude>
    <ClInclude Include="physics\dgBilateralConstraint.h">
      <Filter>Source Files\physics</Filter>
    </ClInclude>
    <ClInclude Include="physics\dgBody.h">
      <Filter>Source Files\physics</Filter>
    </ClInclude>
    <ClInclude Include="physics\dgBodyMasterList.h">
      <Filter>Source Files\physics</Filter>
    </ClInclude>
    <ClInclude Include="physics\dgBroadPhaseCollision.h">
      <Filter>Source Files\physics</Filter>
    </ClInclude>
    <ClInclude Include="physics\dgCollision.h">
      <Filter>Source Files\physics</Filter>
    </ClInclude>
    <ClInclude Include="physics\dgCollisionBox.h">
      <Filter>Source Files\physics</Filter>
    </ClInclude>
    <ClInclude Include="physics\dgCollisionBVH.h">
      <Filter>Source Files\physics</Filter>
    </ClInclude>
    <ClInclude Include="physics\dgCollisionCapsule.h">
      <Filter>Source Files\physics</Filter>
    </ClInclude>
    <ClInclude Include="physics\dgCollisionChamferCylinder.h">
      <Filter>Source Files\physics</Filter>
    </ClInclude>
    <ClInclude Include="physics\dgCollisionCompound.h">
      <Filter>Source Files\physics</Filter>
    </ClInclude>
    <ClInclude Include="physics\dgCollisionCompoundBreakable.h">
      <Filter>Source Files\physics</Filter>
    </ClInclude>
    <ClInclude Include="physics\dgCollisionCone.h">
      <Filter>Source Files\physics</Filter>
    </ClInclude>
    <ClInclude Include="physics\dgCollisionConvex.h">
      <Filter>Source Files\physics</Filter>
    </ClInclude>
    <ClInclude Include="physics\dgCollisionConvexHull.h">
      <Filter>Source Files\physics</Filter>
    </ClInclude>
    <ClInclude Include="physics\dgCollisionConvexModifier.h">
      <Filter>Source Files\physics</Filter>
    </ClInclude>
    <ClInclude Include="physics\dgCollisionCylinder.h">
      <Filter>Source Files\physics</Filter>
    </ClInclude>
    <ClInclude Include="physics\dgCollisionEllipse.h">
      <Filter>Source Files\physics</Filter>
    </ClInclude>
    <ClInclude Include="physics\dgCollisionHeightField.h">
      <Filter>Source Files\physics</Filter>
    </ClInclude>
    <ClInclude Include="physics\dgCollisionMesh.h">
      <Filter>Source Files\physics</Filter>
    </ClInclude>
    <ClInclude Include="physics\dgCollisionNull.h">
      <Filter>Source Files\physics</Filter>
    </ClInclude>
    <ClInclude Include="physics\dgCollisionScene.h">
      <Filter>Source Files\physics</Filter>
    </ClInclude>
    <ClInclude Include="physics\dgCollisionSphere.h">
      <Filter>Source Files\physics</Filter>
    </ClInclude>
    <ClInclude Include="physics\dgCollisionUserMesh.h">
      <Filter>Source Files\physics</Filter>
    </ClInclude>
    <ClInclude Include="physics\dgConnectorConstraint.h">
      <Filter>Source Files\physics</Filter>
    </ClInclude>
    <ClInclude Include="physics\dgConstraint.h">
      <Filter>Source Files\physics</Filter>
    </ClInclude>
    <ClInclude Include="physics\dgContact.h">
      <Filter>Source Files\physics</Filter>
    </ClInclude>
    <ClInclude Include="physics\dgCorkscrewConstraint.h">
      <Filter>Source Files\physics</Filter>
    </ClInclude>
    <ClInclude Include="physics\dgHingeConstraint.h">
      <Filter>Source Files\physics</Filter>
    </ClInclude>
    <ClInclude Include="physics\dgMeshEffect.h">
      <Filter>Source Files\physics</Filter>
    </ClInclude>
    <ClInclude Include="physics\dgMinkowskiConv.h">
      <Filter>Source Files\physics</Filter>
    </ClInclude>
    <ClInclude Include="physics\dgPhysics.h">
      <Filter>Source Files\physics</Filter>
    </ClInclude>
    <ClInclude Include="physics\dgPhysicsStdafx.h">
      <Filter>Source Files\physics</Filter>
    </ClInclude>
    <ClInclude Include="physics\dgPointToCurveConstraint.h">
      <Filter>Source Files\physics</Filter>
    </ClInclude>
    <ClInclude Include="physics\dgSlidingConstraint.h">
      <Filter>Source Files\physics</Filter>
    </ClInclude>
    <ClInclude Include="physics\dgUniversalConstraint.h">
      <Filter>Source Files\physics</Filter>
    </ClInclude>
    <ClInclude Include="physics\dgUpVectorConstraint.h">
      <Filter>Source Files\physics</Filter>
    </ClInclude>
    <ClInclude Include="physics\dgUserConstraint.h">
      <Filter>Source Files\physics</Filter>
    </ClInclude>
    <ClInclude Include="physics\dgWorld.h">
      <Filter>Source Files\physics</Filter>
    </ClInclude>
    <ClInclude Include="physics\dgWorldDynamicUpdate.h">
      <Filter>Source Files\physics</Filter>
    </ClInclude>
    <ClInclude Include="newton\NewtonClass.h">
      <Filter>Source Files\newton</Filter>
    </ClInclude>
    <ClInclude Include="newton\NewtonStdAfx.h">
      <Filter>Source Files\newton</Filter>
    </ClInclude>
  </ItemGroup>
  <ItemGroup>
    <ClCompile Include="core\dg.cpp">
      <Filter>Source Files\core</Filter>
    </ClCompile>
    <ClCompile Include="core\dgAABBPolygonSoup.cpp">
      <Filter>Source Files\core</Filter>
    </ClCompile>
    <ClCompile Include="core\dgConvexHull3d.cpp">
      <Filter>Source Files\core</Filter>
    </ClCompile>
    <ClCompile Include="core\dgConvexHull4d.cpp">
      <Filter>Source Files\core</Filter>
    </ClCompile>
    <ClCompile Include="core\dgCRC.cpp">
      <Filter>Source Files\core</Filter>
    </ClCompile>
    <ClCompile Include="core\dgDebug.cpp">
      <Filter>Source Files\core</Filter>
    </ClCompile>
    <ClCompile Include="core\dgDelaunayTetrahedralization.cpp">
      <Filter>Source Files\core</Filter>
    </ClCompile>
    <ClCompile Include="core\dgGeneralMatrix.cpp">
      <Filter>Source Files\core</Filter>
    </ClCompile>
    <ClCompile Include="core\dgGeneralVector.cpp">
      <Filter>Source Files\core</Filter>
    </ClCompile>
    <ClCompile Include="core\dgGoogol.cpp">
      <Filter>Source Files\core</Filter>
    </ClCompile>
    <ClCompile Include="core\dgIntersections.cpp">
      <Filter>Source Files\core</Filter>
    </ClCompile>
    <ClCompile Include="core\dgMatrix.cpp">
      <Filter>Source Files\core</Filter>
    </ClCompile>
    <ClCompile Include="core\dgMemory.cpp">
      <Filter>Source Files\core</Filter>
    </ClCompile>
    <ClCompile Include="core\dgNode.cpp">
      <Filter>Source Files\core</Filter>
    </ClCompile>
    <ClCompile Include="core\dgPolygonSoupBuilder.cpp">
      <Filter>Source Files\core</Filter>
    </ClCompile>
    <ClCompile Include="core\dgPolyhedra.cpp">
      <Filter>Source Files\core</Filter>
    </ClCompile>
    <ClCompile Include="core\dgPolyhedraMassProperties.cpp">
      <Filter>Source Files\core</Filter>
    </ClCompile>
    <ClCompile Include="core\dgQuaternion.cpp">
      <Filter>Source Files\core</Filter>
    </ClCompile>
    <ClCompile Include="core\dgRandom.cpp">
      <Filter>Source Files\core</Filter>
    </ClCompile>
    <ClCompile Include="core\dgRef.cpp">
      <Filter>Source Files\core</Filter>
    </ClCompile>
    <ClCompile Include="core\dgRefCounter.cpp">
      <Filter>Source Files\core</Filter>
    </ClCompile>
    <ClCompile Include="core\dgSmallDeterminant.cpp">
      <Filter>Source Files\core</Filter>
    </ClCompile>
    <ClCompile Include="core\dgSPDMatrix.cpp">
      <Filter>Source Files\core</Filter>
    </ClCompile>
    <ClCompile Include="core\dgSphere.cpp">
      <Filter>Source Files\core</Filter>
    </ClCompile>
    <ClCompile Include="core\dgThreads.cpp">
      <Filter>Source Files\core</Filter>
    </ClCompile>
    <ClCompile Include="core\dgTree.cpp">
      <Filter>Source Files\core</Filter>
    </ClCompile>
    <ClCompile Include="core\dgTypes.cpp">
      <Filter>Source Files\core</Filter>
    </ClCompile>
    <ClCompile Include="physics\dgBallConstraint.cpp">
      <Filter>Source Files\physics</Filter>
    </ClCompile>
    <ClCompile Include="physics\dgBilateralConstraint.cpp">
      <Filter>Source Files\physics</Filter>
    </ClCompile>
    <ClCompile Include="physics\dgBody.cpp">
      <Filter>Source Files\physics</Filter>
    </ClCompile>
    <ClCompile Include="physics\dgBodyMasterList.cpp">
      <Filter>Source Files\physics</Filter>
    </ClCompile>
    <ClCompile Include="physics\dgBroadPhaseCollision.cpp">
      <Filter>Source Files\physics</Filter>
    </ClCompile>
    <ClCompile Include="physics\dgCollision.cpp">
      <Filter>Source Files\physics</Filter>
    </ClCompile>
    <ClCompile Include="physics\dgCollisionBox.cpp">
      <Filter>Source Files\physics</Filter>
    </ClCompile>
    <ClCompile Include="physics\dgCollisionBVH.cpp">
      <Filter>Source Files\physics</Filter>
    </ClCompile>
    <ClCompile Include="physics\dgCollisionCapsule.cpp">
      <Filter>Source Files\physics</Filter>
    </ClCompile>
    <ClCompile Include="physics\dgCollisionChamferCylinder.cpp">
      <Filter>Source Files\physics</Filter>
    </ClCompile>
    <ClCompile Include="physics\dgCollisionCompound.cpp">
      <Filter>Source Files\physics</Filter>
    </ClCompile>
    <ClCompile Include="physics\dgCollisionCompoundBreakable.cpp">
      <Filter>Source Files\physics</Filter>
    </ClCompile>
    <ClCompile Include="physics\dgCollisionCone.cpp">
      <Filter>Source Files\physics</Filter>
    </ClCompile>
    <ClCompile Include="physics\dgCollisionConvex.cpp">
      <Filter>Source Files\physics</Filter>
    </ClCompile>
    <ClCompile Include="physics\dgCollisionConvexHull.cpp">
      <Filter>Source Files\physics</Filter>
    </ClCompile>
    <ClCompile Include="physics\dgCollisionConvexModifier.cpp">
      <Filter>Source Files\physics</Filter>
    </ClCompile>
    <ClCompile Include="physics\dgCollisionCylinder.cpp">
      <Filter>Source Files\physics</Filter>
    </ClCompile>
    <ClCompile Include="physics\dgCollisionEllipse.cpp">
      <Filter>Source Files\physics</Filter>
    </ClCompile>
    <ClCompile Include="physics\dgCollisionHeightField.cpp">
      <Filter>Source Files\physics</Filter>
    </ClCompile>
    <ClCompile Include="physics\dgCollisionMesh.cpp">
      <Filter>Source Files\physics</Filter>
    </ClCompile>
    <ClCompile Include="physics\dgCollisionNull.cpp">
      <Filter>Source Files\physics</Filter>
    </ClCompile>
    <ClCompile Include="physics\dgCollisionScene.cpp">
      <Filter>Source Files\physics</Filter>
    </ClCompile>
    <ClCompile Include="physics\dgCollisionSphere.cpp">
      <Filter>Source Files\physics</Filter>
    </ClCompile>
    <ClCompile Include="physics\dgCollisionUserMesh.cpp">
      <Filter>Source Files\physics</Filter>
    </ClCompile>
    <ClCompile Include="physics\dgConnectorConstraint.cpp">
      <Filter>Source Files\physics</Filter>
    </ClCompile>
    <ClCompile Include="physics\dgConstraint.cpp">
      <Filter>Source Files\physics</Filter>
    </ClCompile>
    <ClCompile Include="physics\dgContact.cpp">
      <Filter>Source Files\physics</Filter>
    </ClCompile>
    <ClCompile Include="physics\dgCorkscrewConstraint.cpp">
      <Filter>Source Files\physics</Filter>
    </ClCompile>
    <ClCompile Include="physics\dgHingeConstraint.cpp">
      <Filter>Source Files\physics</Filter>
    </ClCompile>
    <ClCompile Include="physics\dgMeshEffect.cpp">
      <Filter>Source Files\physics</Filter>
    </ClCompile>
    <ClCompile Include="physics\dgMeshEffect2.cpp">
      <Filter>Source Files\physics</Filter>
    </ClCompile>
    <ClCompile Include="physics\dgMinkowskiConv.cpp">
      <Filter>Source Files\physics</Filter>
    </ClCompile>
    <ClCompile Include="physics\dgNarrowPhaseCollision.cpp">
      <Filter>Source Files\physics</Filter>
    </ClCompile>
    <ClCompile Include="physics\dgPointToCurveConstraint.cpp">
      <Filter>Source Files\physics</Filter>
    </ClCompile>
    <ClCompile Include="physics\dgSlidingConstraint.cpp">
      <Filter>Source Files\physics</Filter>
    </ClCompile>
    <ClCompile Include="physics\dgUniversalConstraint.cpp">
      <Filter>Source Files\physics</Filter>
    </ClCompile>
    <ClCompile Include="physics\dgUpVectorConstraint.cpp">
      <Filter>Source Files\physics</Filter>
    </ClCompile>
    <ClCompile Include="physics\dgUserConstraint.cpp">
      <Filter>Source Files\physics</Filter>
    </ClCompile>
    <ClCompile Include="physics\dgWorld.cpp">
      <Filter>Source Files\physics</Filter>
    </ClCompile>
    <ClCompile Include="physics\dgWorldDynamicUpdate.cpp">
      <Filter>Source Files\physics</Filter>
    </ClCompile>
    <ClCompile Include="newton\Newton.cpp">
      <Filter>Source Files\newton</Filter>
    </ClCompile>
    <ClCompile Include="newton\NewtonClass.cpp">
      <Filter>Source Files\newton</Filter>
    </ClCompile>
  </ItemGroup>
</Project>